// !$*UTF8*$!
{
	archiveVersion = 1;
	classes = {
	};
	objectVersion = 46;
	objects = {

/* Begin PBXBuildFile section */
		1AC6FB21180E996B004C840B /* libcocos2d Mac.a in Frameworks */ = {isa = PBXBuildFile; fileRef = 1AC6FAF9180E9839004C840B /* libcocos2d Mac.a */; };
		1AC6FB30180E99EB004C840B /* libcocos2d iOS.a in Frameworks */ = {isa = PBXBuildFile; fileRef = 1AC6FB07180E9839004C840B /* libcocos2d iOS.a */; };
		1D242C791A38945D0095003E /* MessageDispatcher.cpp in Sources */ = {isa = PBXBuildFile; fileRef = 1D242C741A38945D0095003E /* MessageDispatcher.cpp */; };
		1D242C7A1A38945D0095003E /* MessageManager.cpp in Sources */ = {isa = PBXBuildFile; fileRef = 1D242C761A38945D0095003E /* MessageManager.cpp */; };
		1D3C66001A0E4C7B000C7AF2 /* Bird.cpp in Sources */ = {isa = PBXBuildFile; fileRef = 1D3C65F61A0E4C7B000C7AF2 /* Bird.cpp */; };
		1D3C66011A0E4C7B000C7AF2 /* Collapsar.cpp in Sources */ = {isa = PBXBuildFile; fileRef = 1D3C65F81A0E4C7B000C7AF2 /* Collapsar.cpp */; };
		1D3C66021A0E4C7B000C7AF2 /* Gold.cpp in Sources */ = {isa = PBXBuildFile; fileRef = 1D3C65FA1A0E4C7B000C7AF2 /* Gold.cpp */; };
		1D3C66031A0E4C7B000C7AF2 /* ObjectManager.cpp in Sources */ = {isa = PBXBuildFile; fileRef = 1D3C65FC1A0E4C7B000C7AF2 /* ObjectManager.cpp */; };
		1D3C66041A0E4C7B000C7AF2 /* Plane.cpp in Sources */ = {isa = PBXBuildFile; fileRef = 1D3C65FE1A0E4C7B000C7AF2 /* Plane.cpp */; };
		1D565A6F1A20D7CD00999935 /* bg.png in Resources */ = {isa = PBXBuildFile; fileRef = 1D565A641A20D7CD00999935 /* bg.png */; };
		1D565A701A20D7CD00999935 /* bg1.png in Resources */ = {isa = PBXBuildFile; fileRef = 1D565A651A20D7CD00999935 /* bg1.png */; };
		1D565A711A20D7CD00999935 /* cloud_1.png in Resources */ = {isa = PBXBuildFile; fileRef = 1D565A661A20D7CD00999935 /* cloud_1.png */; };
		1D565A721A20D7CD00999935 /* cloud_2.png in Resources */ = {isa = PBXBuildFile; fileRef = 1D565A671A20D7CD00999935 /* cloud_2.png */; };
		1D565A731A20D7CD00999935 /* effect in Resources */ = {isa = PBXBuildFile; fileRef = 1D565A681A20D7CD00999935 /* effect */; };
		1D565A741A20D7CD00999935 /* fonts in Resources */ = {isa = PBXBuildFile; fileRef = 1D565A691A20D7CD00999935 /* fonts */; };
		1D565A751A20D7CD00999935 /* map in Resources */ = {isa = PBXBuildFile; fileRef = 1D565A6A1A20D7CD00999935 /* map */; };
		1D565A761A20D7CD00999935 /* plist in Resources */ = {isa = PBXBuildFile; fileRef = 1D565A6B1A20D7CD00999935 /* plist */; };
		1D565A771A20D7CD00999935 /* res in Resources */ = {isa = PBXBuildFile; fileRef = 1D565A6C1A20D7CD00999935 /* res */; };
		1D565A781A20D7CD00999935 /* ShareSDK.xml in Resources */ = {isa = PBXBuildFile; fileRef = 1D565A6D1A20D7CD00999935 /* ShareSDK.xml */; };
		1D565A791A20D7CD00999935 /* ui in Resources */ = {isa = PBXBuildFile; fileRef = 1D565A6E1A20D7CD00999935 /* ui */; };
		1D565A7C1A20D7DB00999935 /* BuyCoin.cpp in Sources */ = {isa = PBXBuildFile; fileRef = 1D565A7A1A20D7DB00999935 /* BuyCoin.cpp */; };
		1D565A7F1A20D7E800999935 /* Setting.cpp in Sources */ = {isa = PBXBuildFile; fileRef = 1D565A7D1A20D7E800999935 /* Setting.cpp */; };
		1D565A841A20D7FC00999935 /* Store.cpp in Sources */ = {isa = PBXBuildFile; fileRef = 1D565A801A20D7FC00999935 /* Store.cpp */; };
		1D565A851A20D7FC00999935 /* YouMiUtil.mm in Sources */ = {isa = PBXBuildFile; fileRef = 1D565A831A20D7FC00999935 /* YouMiUtil.mm */; };
		1D60589F0D05DD5A006BFB54 /* Foundation.framework in Frameworks */ = {isa = PBXBuildFile; fileRef = 1D30AB110D05D00D00671497 /* Foundation.framework */; };
		1D6C0FA71A28C12C0039F63B /* GameKit.framework in Frameworks */ = {isa = PBXBuildFile; fileRef = 1D6C0FA61A28C12C0039F63B /* GameKit.framework */; settings = {ATTRIBUTES = (Weak, ); }; };
		1D867B451A1239E20014D2F5 /* AdManager.cpp in Sources */ = {isa = PBXBuildFile; fileRef = 1D867B3D1A1239E20014D2F5 /* AdManager.cpp */; };
		1D867B461A1239E20014D2F5 /* Background.cpp in Sources */ = {isa = PBXBuildFile; fileRef = 1D867B3F1A1239E20014D2F5 /* Background.cpp */; };
		1D867B471A1239E20014D2F5 /* GameLogic.cpp in Sources */ = {isa = PBXBuildFile; fileRef = 1D867B411A1239E20014D2F5 /* GameLogic.cpp */; };
		1D867B481A1239E20014D2F5 /* Spring.cpp in Sources */ = {isa = PBXBuildFile; fileRef = 1D867B431A1239E20014D2F5 /* Spring.cpp */; };
		1D867B7E1A123C700014D2F5 /* libYouMi.a in Frameworks */ = {isa = PBXBuildFile; fileRef = 1D867B7D1A123C700014D2F5 /* libYouMi.a */; };
		1D867B801A123CC50014D2F5 /* CFNetwork.framework in Frameworks */ = {isa = PBXBuildFile; fileRef = 1D867B7F1A123CC50014D2F5 /* CFNetwork.framework */; };
		1D867B821A123CE50014D2F5 /* StoreKit.framework in Frameworks */ = {isa = PBXBuildFile; fileRef = 1D867B811A123CE50014D2F5 /* StoreKit.framework */; settings = {ATTRIBUTES = (Weak, ); }; };
		1DBFCD621A05CAA7005AB74D /* AppDelegate.cpp in Sources */ = {isa = PBXBuildFile; fileRef = 1DBFCD341A05CAA7005AB74D /* AppDelegate.cpp */; };
		1DBFCD661A05CAA7005AB74D /* C2DXShareSDK.cpp in Sources */ = {isa = PBXBuildFile; fileRef = 1DBFCD431A05CAA7005AB74D /* C2DXShareSDK.cpp */; };
		1DBFCD671A05CAA7005AB74D /* C2DXiOSShareSDK.mm in Sources */ = {isa = PBXBuildFile; fileRef = 1DBFCD481A05CAA7005AB74D /* C2DXiOSShareSDK.mm */; };
		1DBFCD681A05CAA7005AB74D /* Dialog.cpp in Sources */ = {isa = PBXBuildFile; fileRef = 1DBFCD491A05CAA7005AB74D /* Dialog.cpp */; };
		1DBFCD691A05CAA7005AB74D /* DialogManager.cpp in Sources */ = {isa = PBXBuildFile; fileRef = 1DBFCD4B1A05CAA7005AB74D /* DialogManager.cpp */; };
		1DBFCD6A1A05CAA7005AB74D /* GameMap.cpp in Sources */ = {isa = PBXBuildFile; fileRef = 1DBFCD4D1A05CAA7005AB74D /* GameMap.cpp */; };
		1DBFCD6B1A05CAA7005AB74D /* GameUI.cpp in Sources */ = {isa = PBXBuildFile; fileRef = 1DBFCD4F1A05CAA7005AB74D /* GameUI.cpp */; };
		1DBFCD6C1A05CAA7005AB74D /* GameWorld.cpp in Sources */ = {isa = PBXBuildFile; fileRef = 1DBFCD511A05CAA7005AB74D /* GameWorld.cpp */; };
		1DBFCD6D1A05CAA7005AB74D /* HelloWorldScene.cpp in Sources */ = {isa = PBXBuildFile; fileRef = 1DBFCD531A05CAA7005AB74D /* HelloWorldScene.cpp */; };
		1DBFCD6E1A05CAA7005AB74D /* HeroSprite.cpp in Sources */ = {isa = PBXBuildFile; fileRef = 1DBFCD551A05CAA7005AB74D /* HeroSprite.cpp */; };
		1DBFCD6F1A05CAA7005AB74D /* HomeLayer.cpp in Sources */ = {isa = PBXBuildFile; fileRef = 1DBFCD571A05CAA7005AB74D /* HomeLayer.cpp */; };
		1DBFCD701A05CAA7005AB74D /* NormalWall.cpp in Sources */ = {isa = PBXBuildFile; fileRef = 1DBFCD591A05CAA7005AB74D /* NormalWall.cpp */; };
		1DBFCD711A05CAA7005AB74D /* ShareManager.cpp in Sources */ = {isa = PBXBuildFile; fileRef = 1DBFCD5B1A05CAA7005AB74D /* ShareManager.cpp */; };
		1DBFCD721A05CAA7005AB74D /* Utils.cpp in Sources */ = {isa = PBXBuildFile; fileRef = 1DBFCD5E1A05CAA7005AB74D /* Utils.cpp */; };
		1DBFCD731A05CAA7005AB74D /* VisibleRect.cpp in Sources */ = {isa = PBXBuildFile; fileRef = 1DBFCD601A05CAA7005AB74D /* VisibleRect.cpp */; };
		1DBFCDA21A05CCD3005AB74D /* FacebookConnection.framework in Frameworks */ = {isa = PBXBuildFile; fileRef = 1DBFCD861A05CCD3005AB74D /* FacebookConnection.framework */; };
		1DBFCDA31A05CCD3005AB74D /* QQConnection.framework in Frameworks */ = {isa = PBXBuildFile; fileRef = 1DBFCD871A05CCD3005AB74D /* QQConnection.framework */; };
		1DBFCDA41A05CCD3005AB74D /* SinaWeiboConnection.framework in Frameworks */ = {isa = PBXBuildFile; fileRef = 1DBFCD881A05CCD3005AB74D /* SinaWeiboConnection.framework */; };
		1DBFCDA51A05CCD3005AB74D /* WeChatConnection.framework in Frameworks */ = {isa = PBXBuildFile; fileRef = 1DBFCD891A05CCD3005AB74D /* WeChatConnection.framework */; };
		1DBFCDA61A05CCD3005AB74D /* AGCommon.framework in Frameworks */ = {isa = PBXBuildFile; fileRef = 1DBFCD8B1A05CCD3005AB74D /* AGCommon.framework */; };
		1DBFCDA71A05CCD3005AB74D /* ShareSDKLocalizable.strings in Resources */ = {isa = PBXBuildFile; fileRef = 1DBFCD8C1A05CCD3005AB74D /* ShareSDKLocalizable.strings */; };
		1DBFCDA81A05CCD3005AB74D /* Resource.bundle in Resources */ = {isa = PBXBuildFile; fileRef = 1DBFCD8E1A05CCD3005AB74D /* Resource.bundle */; };
		1DBFCDA91A05CCD3005AB74D /* ShareSDKCoreService.framework in Frameworks */ = {isa = PBXBuildFile; fileRef = 1DBFCD8F1A05CCD3005AB74D /* ShareSDKCoreService.framework */; };
		1DBFCDAA1A05CCD3005AB74D /* TencentOpenAPI.framework in Frameworks */ = {isa = PBXBuildFile; fileRef = 1DBFCD931A05CCD3005AB74D /* TencentOpenAPI.framework */; };
		1DBFCDAB1A05CCD4005AB74D /* TencentOpenApi_IOS_Bundle.bundle in Resources */ = {isa = PBXBuildFile; fileRef = 1DBFCD941A05CCD3005AB74D /* TencentOpenApi_IOS_Bundle.bundle */; };
		1DBFCDAC1A05CCD4005AB74D /* libSinaWeiboSDK.a in Frameworks */ = {isa = PBXBuildFile; fileRef = 1DBFCD961A05CCD3005AB74D /* libSinaWeiboSDK.a */; };
		1DBFCDAD1A05CCD4005AB74D /* WeiboSDK.bundle in Resources */ = {isa = PBXBuildFile; fileRef = 1DBFCD971A05CCD3005AB74D /* WeiboSDK.bundle */; };
		1DBFCDAE1A05CCD4005AB74D /* libWeChatSDK.a in Frameworks */ = {isa = PBXBuildFile; fileRef = 1DBFCD9A1A05CCD3005AB74D /* libWeChatSDK.a */; };
		1DBFCDAF1A05CCD4005AB74D /* ShareSDK.framework in Frameworks */ = {isa = PBXBuildFile; fileRef = 1DBFCD9D1A05CCD3005AB74D /* ShareSDK.framework */; };
		1DBFCDB01A05CCD4005AB74D /* ShareSDKFlatShareViewUI.bundle in Resources */ = {isa = PBXBuildFile; fileRef = 1DBFCD9F1A05CCD3005AB74D /* ShareSDKFlatShareViewUI.bundle */; };
		1DBFCDB11A05CCD4005AB74D /* ShareSDKFlatShareViewUI.framework in Frameworks */ = {isa = PBXBuildFile; fileRef = 1DBFCDA01A05CCD3005AB74D /* ShareSDKFlatShareViewUI.framework */; };
		1DBFCDB21A05CCD4005AB74D /* ShareSDKShareActionSheet.framework in Frameworks */ = {isa = PBXBuildFile; fileRef = 1DBFCDA11A05CCD3005AB74D /* ShareSDKShareActionSheet.framework */; };
		1DBFCDB41A05CD72005AB74D /* SystemConfiguration.framework in Frameworks */ = {isa = PBXBuildFile; fileRef = 1DBFCDB31A05CD72005AB74D /* SystemConfiguration.framework */; };
		1DBFCDB61A05CD7F005AB74D /* QuartzCore.framework in Frameworks */ = {isa = PBXBuildFile; fileRef = 1DBFCDB51A05CD7F005AB74D /* QuartzCore.framework */; };
		1DBFCDB81A05CD8F005AB74D /* CoreTelephony.framework in Frameworks */ = {isa = PBXBuildFile; fileRef = 1DBFCDB71A05CD8F005AB74D /* CoreTelephony.framework */; };
		1DBFCDBA1A05CD9D005AB74D /* libicucore.dylib in Frameworks */ = {isa = PBXBuildFile; fileRef = 1DBFCDB91A05CD9D005AB74D /* libicucore.dylib */; };
		1DBFCDBC1A05CDAA005AB74D /* libz.1.2.5.dylib in Frameworks */ = {isa = PBXBuildFile; fileRef = 1DBFCDBB1A05CDAA005AB74D /* libz.1.2.5.dylib */; };
		1DBFCDBE1A05CDB4005AB74D /* Security.framework in Frameworks */ = {isa = PBXBuildFile; fileRef = 1DBFCDBD1A05CDB4005AB74D /* Security.framework */; };
		1DBFCDC01A05CDC5005AB74D /* libstdc++.dylib in Frameworks */ = {isa = PBXBuildFile; fileRef = 1DBFCDBF1A05CDC5005AB74D /* libstdc++.dylib */; };
		1DBFCDC21A05CDE8005AB74D /* libsqlite3.dylib in Frameworks */ = {isa = PBXBuildFile; fileRef = 1DBFCDC11A05CDE8005AB74D /* libsqlite3.dylib */; };
		1DC065A91A28A2C2007A9C9D /* ContactListener.cpp in Sources */ = {isa = PBXBuildFile; fileRef = 1DC065A71A28A2C2007A9C9D /* ContactListener.cpp */; };
		1DC065AC1A28A2D1007A9C9D /* ResultLayer.cpp in Sources */ = {isa = PBXBuildFile; fileRef = 1DC065AA1A28A2D1007A9C9D /* ResultLayer.cpp */; };
		1DC865F11A236BEC0060BE80 /* GameCenter.m in Sources */ = {isa = PBXBuildFile; fileRef = 1DC865F01A236BEC0060BE80 /* GameCenter.m */; };
		1DF5F4E00D08C38300B7A737 /* UIKit.framework in Frameworks */ = {isa = PBXBuildFile; fileRef = 1DF5F4DF0D08C38300B7A737 /* UIKit.framework */; };
		288765A50DF7441C002DB57D /* CoreGraphics.framework in Frameworks */ = {isa = PBXBuildFile; fileRef = 288765A40DF7441C002DB57D /* CoreGraphics.framework */; };
		503AE0F817EB97AB00D1A890 /* Icon.icns in Resources */ = {isa = PBXBuildFile; fileRef = 503AE0F617EB97AB00D1A890 /* Icon.icns */; };
		503AE10017EB989F00D1A890 /* AppController.mm in Sources */ = {isa = PBXBuildFile; fileRef = 503AE0FB17EB989F00D1A890 /* AppController.mm */; };
		503AE10117EB989F00D1A890 /* main.m in Sources */ = {isa = PBXBuildFile; fileRef = 503AE0FC17EB989F00D1A890 /* main.m */; };
		503AE10217EB989F00D1A890 /* RootViewController.mm in Sources */ = {isa = PBXBuildFile; fileRef = 503AE0FF17EB989F00D1A890 /* RootViewController.mm */; };
		503AE10517EB98FF00D1A890 /* main.cpp in Sources */ = {isa = PBXBuildFile; fileRef = 503AE10317EB98FF00D1A890 /* main.cpp */; };
		503AE11217EB99EE00D1A890 /* libcurl.dylib in Frameworks */ = {isa = PBXBuildFile; fileRef = 503AE11117EB99EE00D1A890 /* libcurl.dylib */; };
		503AE11B17EB9C5A00D1A890 /* IOKit.framework in Frameworks */ = {isa = PBXBuildFile; fileRef = 503AE11A17EB9C5A00D1A890 /* IOKit.framework */; };
		5087E76317EB910900C73F5D /* Foundation.framework in Frameworks */ = {isa = PBXBuildFile; fileRef = 1D30AB110D05D00D00671497 /* Foundation.framework */; };
		5087E76717EB910900C73F5D /* libz.dylib in Frameworks */ = {isa = PBXBuildFile; fileRef = BF170DB412928DE900B8313A /* libz.dylib */; };
		5087E76817EB910900C73F5D /* QuartzCore.framework in Frameworks */ = {isa = PBXBuildFile; fileRef = BF1C47EA1293683800B63C5D /* QuartzCore.framework */; };
		5087E76917EB910900C73F5D /* OpenAL.framework in Frameworks */ = {isa = PBXBuildFile; fileRef = D44C620B132DFF330009C878 /* OpenAL.framework */; };
		5087E76A17EB910900C73F5D /* AVFoundation.framework in Frameworks */ = {isa = PBXBuildFile; fileRef = D44C620D132DFF430009C878 /* AVFoundation.framework */; };
		5087E76B17EB910900C73F5D /* AudioToolbox.framework in Frameworks */ = {isa = PBXBuildFile; fileRef = D44C620F132DFF4E0009C878 /* AudioToolbox.framework */; };
		5087E77D17EB970100C73F5D /* Default-568h@2x.png in Resources */ = {isa = PBXBuildFile; fileRef = 5087E77217EB970100C73F5D /* Default-568h@2x.png */; };
		5087E77E17EB970100C73F5D /* Default.png in Resources */ = {isa = PBXBuildFile; fileRef = 5087E77317EB970100C73F5D /* Default.png */; };
		5087E77F17EB970100C73F5D /* Default@2x.png in Resources */ = {isa = PBXBuildFile; fileRef = 5087E77417EB970100C73F5D /* Default@2x.png */; };
		5087E78017EB970100C73F5D /* Icon-114.png in Resources */ = {isa = PBXBuildFile; fileRef = 5087E77517EB970100C73F5D /* Icon-114.png */; };
		5087E78117EB970100C73F5D /* Icon-120.png in Resources */ = {isa = PBXBuildFile; fileRef = 5087E77617EB970100C73F5D /* Icon-120.png */; };
		5087E78217EB970100C73F5D /* Icon-144.png in Resources */ = {isa = PBXBuildFile; fileRef = 5087E77717EB970100C73F5D /* Icon-144.png */; };
		5087E78317EB970100C73F5D /* Icon-152.png in Resources */ = {isa = PBXBuildFile; fileRef = 5087E77817EB970100C73F5D /* Icon-152.png */; };
		5087E78417EB970100C73F5D /* Icon-57.png in Resources */ = {isa = PBXBuildFile; fileRef = 5087E77917EB970100C73F5D /* Icon-57.png */; };
		5087E78517EB970100C73F5D /* Icon-72.png in Resources */ = {isa = PBXBuildFile; fileRef = 5087E77A17EB970100C73F5D /* Icon-72.png */; };
		5087E78617EB970100C73F5D /* Icon-76.png in Resources */ = {isa = PBXBuildFile; fileRef = 5087E77B17EB970100C73F5D /* Icon-76.png */; };
		5087E78917EB974C00C73F5D /* AppKit.framework in Frameworks */ = {isa = PBXBuildFile; fileRef = 5087E78817EB974C00C73F5D /* AppKit.framework */; };
		5087E78B17EB975400C73F5D /* OpenGL.framework in Frameworks */ = {isa = PBXBuildFile; fileRef = 5087E78A17EB975400C73F5D /* OpenGL.framework */; };
		50EF629617ECD46A001EB2F8 /* Icon-40.png in Resources */ = {isa = PBXBuildFile; fileRef = 50EF629217ECD46A001EB2F8 /* Icon-40.png */; };
		50EF629717ECD46A001EB2F8 /* Icon-58.png in Resources */ = {isa = PBXBuildFile; fileRef = 50EF629317ECD46A001EB2F8 /* Icon-58.png */; };
		50EF629817ECD46A001EB2F8 /* Icon-80.png in Resources */ = {isa = PBXBuildFile; fileRef = 50EF629417ECD46A001EB2F8 /* Icon-80.png */; };
		50EF629917ECD46A001EB2F8 /* Icon-100.png in Resources */ = {isa = PBXBuildFile; fileRef = 50EF629517ECD46A001EB2F8 /* Icon-100.png */; };
		50EF62A217ECD613001EB2F8 /* Icon-29.png in Resources */ = {isa = PBXBuildFile; fileRef = 50EF62A017ECD613001EB2F8 /* Icon-29.png */; };
		50EF62A317ECD613001EB2F8 /* Icon-50.png in Resources */ = {isa = PBXBuildFile; fileRef = 50EF62A117ECD613001EB2F8 /* Icon-50.png */; };
		521A8E6419F0C34300D177D7 /* Default-667h@2x.png in Resources */ = {isa = PBXBuildFile; fileRef = 521A8E6219F0C34300D177D7 /* Default-667h@2x.png */; };
		521A8E6519F0C34300D177D7 /* Default-736h@3x.png in Resources */ = {isa = PBXBuildFile; fileRef = 521A8E6319F0C34300D177D7 /* Default-736h@3x.png */; };
		BF171245129291EC00B8313A /* OpenGLES.framework in Frameworks */ = {isa = PBXBuildFile; fileRef = BF170DB012928DE900B8313A /* OpenGLES.framework */; };
		BF1712471292920000B8313A /* libz.dylib in Frameworks */ = {isa = PBXBuildFile; fileRef = BF170DB412928DE900B8313A /* libz.dylib */; };
		BF1C47F01293687400B63C5D /* QuartzCore.framework in Frameworks */ = {isa = PBXBuildFile; fileRef = BF1C47EA1293683800B63C5D /* QuartzCore.framework */; };
		D44C620C132DFF330009C878 /* OpenAL.framework in Frameworks */ = {isa = PBXBuildFile; fileRef = D44C620B132DFF330009C878 /* OpenAL.framework */; };
		D44C620E132DFF430009C878 /* AVFoundation.framework in Frameworks */ = {isa = PBXBuildFile; fileRef = D44C620D132DFF430009C878 /* AVFoundation.framework */; };
		D44C6210132DFF4E0009C878 /* AudioToolbox.framework in Frameworks */ = {isa = PBXBuildFile; fileRef = D44C620F132DFF4E0009C878 /* AudioToolbox.framework */; };
		D6B0611B1803AB670077942B /* CoreMotion.framework in Frameworks */ = {isa = PBXBuildFile; fileRef = D6B0611A1803AB670077942B /* CoreMotion.framework */; };
/* End PBXBuildFile section */

/* Begin PBXContainerItemProxy section */
		1AC6FAF8180E9839004C840B /* PBXContainerItemProxy */ = {
			isa = PBXContainerItemProxy;
			containerPortal = 1AC6FAE5180E9839004C840B /* cocos2d_libs.xcodeproj */;
			proxyType = 2;
			remoteGlobalIDString = 1551A33F158F2AB200E66CFE;
			remoteInfo = "cocos2dx Mac";
		};
		1AC6FB06180E9839004C840B /* PBXContainerItemProxy */ = {
			isa = PBXContainerItemProxy;
			containerPortal = 1AC6FAE5180E9839004C840B /* cocos2d_libs.xcodeproj */;
			proxyType = 2;
			remoteGlobalIDString = A07A4D641783777C0073F6A7;
			remoteInfo = "cocos2dx iOS";
		};
		1AC6FB15180E9959004C840B /* PBXContainerItemProxy */ = {
			isa = PBXContainerItemProxy;
			containerPortal = 1AC6FAE5180E9839004C840B /* cocos2d_libs.xcodeproj */;
			proxyType = 1;
			remoteGlobalIDString = 1551A33E158F2AB200E66CFE;
			remoteInfo = "cocos2dx Mac";
		};
		1AC6FB24180E99E1004C840B /* PBXContainerItemProxy */ = {
			isa = PBXContainerItemProxy;
			containerPortal = 1AC6FAE5180E9839004C840B /* cocos2d_libs.xcodeproj */;
			proxyType = 1;
			remoteGlobalIDString = A07A4C241783777C0073F6A7;
			remoteInfo = "cocos2dx iOS";
		};
/* End PBXContainerItemProxy section */

/* Begin PBXFileReference section */
		1AC6FAE5180E9839004C840B /* cocos2d_libs.xcodeproj */ = {isa = PBXFileReference; lastKnownFileType = "wrapper.pb-project"; name = cocos2d_libs.xcodeproj; path = ../cocos2d/build/cocos2d_libs.xcodeproj; sourceTree = "<group>"; };
		1ACB3243164770DE00914215 /* libcurl.a */ = {isa = PBXFileReference; lastKnownFileType = archive.ar; name = libcurl.a; path = ../../cocos2dx/platform/third_party/ios/libraries/libcurl.a; sourceTree = "<group>"; };
		1D242C741A38945D0095003E /* MessageDispatcher.cpp */ = {isa = PBXFileReference; fileEncoding = 4; lastKnownFileType = sourcecode.cpp.cpp; path = MessageDispatcher.cpp; sourceTree = "<group>"; };
		1D242C751A38945D0095003E /* MessageDispatcher.h */ = {isa = PBXFileReference; fileEncoding = 4; lastKnownFileType = sourcecode.c.h; path = MessageDispatcher.h; sourceTree = "<group>"; };
		1D242C761A38945D0095003E /* MessageManager.cpp */ = {isa = PBXFileReference; fileEncoding = 4; lastKnownFileType = sourcecode.cpp.cpp; path = MessageManager.cpp; sourceTree = "<group>"; };
		1D242C771A38945D0095003E /* MessageManager.h */ = {isa = PBXFileReference; fileEncoding = 4; lastKnownFileType = sourcecode.c.h; path = MessageManager.h; sourceTree = "<group>"; };
		1D242C781A38945D0095003E /* Telegram.h */ = {isa = PBXFileReference; fileEncoding = 4; lastKnownFileType = sourcecode.c.h; path = Telegram.h; sourceTree = "<group>"; };
		1D30AB110D05D00D00671497 /* Foundation.framework */ = {isa = PBXFileReference; lastKnownFileType = wrapper.framework; name = Foundation.framework; path = System/Library/Frameworks/Foundation.framework; sourceTree = SDKROOT; };
		1D3C65F51A0E4C7B000C7AF2 /* BaseSprite.h */ = {isa = PBXFileReference; fileEncoding = 4; lastKnownFileType = sourcecode.c.h; path = BaseSprite.h; sourceTree = "<group>"; };
		1D3C65F61A0E4C7B000C7AF2 /* Bird.cpp */ = {isa = PBXFileReference; fileEncoding = 4; lastKnownFileType = sourcecode.cpp.cpp; path = Bird.cpp; sourceTree = "<group>"; };
		1D3C65F71A0E4C7B000C7AF2 /* Bird.h */ = {isa = PBXFileReference; fileEncoding = 4; lastKnownFileType = sourcecode.c.h; path = Bird.h; sourceTree = "<group>"; };
		1D3C65F81A0E4C7B000C7AF2 /* Collapsar.cpp */ = {isa = PBXFileReference; fileEncoding = 4; lastKnownFileType = sourcecode.cpp.cpp; path = Collapsar.cpp; sourceTree = "<group>"; };
		1D3C65F91A0E4C7B000C7AF2 /* Collapsar.h */ = {isa = PBXFileReference; fileEncoding = 4; lastKnownFileType = sourcecode.c.h; path = Collapsar.h; sourceTree = "<group>"; };
		1D3C65FA1A0E4C7B000C7AF2 /* Gold.cpp */ = {isa = PBXFileReference; fileEncoding = 4; lastKnownFileType = sourcecode.cpp.cpp; path = Gold.cpp; sourceTree = "<group>"; };
		1D3C65FB1A0E4C7B000C7AF2 /* Gold.h */ = {isa = PBXFileReference; fileEncoding = 4; lastKnownFileType = sourcecode.c.h; path = Gold.h; sourceTree = "<group>"; };
		1D3C65FC1A0E4C7B000C7AF2 /* ObjectManager.cpp */ = {isa = PBXFileReference; fileEncoding = 4; lastKnownFileType = sourcecode.cpp.cpp; path = ObjectManager.cpp; sourceTree = "<group>"; };
		1D3C65FD1A0E4C7B000C7AF2 /* ObjectManager.h */ = {isa = PBXFileReference; fileEncoding = 4; lastKnownFileType = sourcecode.c.h; path = ObjectManager.h; sourceTree = "<group>"; };
		1D3C65FE1A0E4C7B000C7AF2 /* Plane.cpp */ = {isa = PBXFileReference; fileEncoding = 4; lastKnownFileType = sourcecode.cpp.cpp; path = Plane.cpp; sourceTree = "<group>"; };
		1D3C65FF1A0E4C7B000C7AF2 /* Plane.h */ = {isa = PBXFileReference; fileEncoding = 4; lastKnownFileType = sourcecode.c.h; path = Plane.h; sourceTree = "<group>"; };
		1D565A641A20D7CD00999935 /* bg.png */ = {isa = PBXFileReference; lastKnownFileType = image.png; path = bg.png; sourceTree = "<group>"; };
		1D565A651A20D7CD00999935 /* bg1.png */ = {isa = PBXFileReference; lastKnownFileType = image.png; path = bg1.png; sourceTree = "<group>"; };
		1D565A661A20D7CD00999935 /* cloud_1.png */ = {isa = PBXFileReference; lastKnownFileType = image.png; path = cloud_1.png; sourceTree = "<group>"; };
		1D565A671A20D7CD00999935 /* cloud_2.png */ = {isa = PBXFileReference; lastKnownFileType = image.png; path = cloud_2.png; sourceTree = "<group>"; };
		1D565A681A20D7CD00999935 /* effect */ = {isa = PBXFileReference; lastKnownFileType = folder; path = effect; sourceTree = "<group>"; };
		1D565A691A20D7CD00999935 /* fonts */ = {isa = PBXFileReference; lastKnownFileType = folder; path = fonts; sourceTree = "<group>"; };
		1D565A6A1A20D7CD00999935 /* map */ = {isa = PBXFileReference; lastKnownFileType = folder; path = map; sourceTree = "<group>"; };
		1D565A6B1A20D7CD00999935 /* plist */ = {isa = PBXFileReference; lastKnownFileType = folder; path = plist; sourceTree = "<group>"; };
		1D565A6C1A20D7CD00999935 /* res */ = {isa = PBXFileReference; lastKnownFileType = folder; path = res; sourceTree = "<group>"; };
		1D565A6D1A20D7CD00999935 /* ShareSDK.xml */ = {isa = PBXFileReference; fileEncoding = 4; lastKnownFileType = text.xml; path = ShareSDK.xml; sourceTree = "<group>"; };
		1D565A6E1A20D7CD00999935 /* ui */ = {isa = PBXFileReference; lastKnownFileType = folder; path = ui; sourceTree = "<group>"; };
		1D565A7A1A20D7DB00999935 /* BuyCoin.cpp */ = {isa = PBXFileReference; fileEncoding = 4; lastKnownFileType = sourcecode.cpp.cpp; path = BuyCoin.cpp; sourceTree = "<group>"; };
		1D565A7B1A20D7DB00999935 /* BuyCoin.h */ = {isa = PBXFileReference; fileEncoding = 4; lastKnownFileType = sourcecode.c.h; path = BuyCoin.h; sourceTree = "<group>"; };
		1D565A7D1A20D7E800999935 /* Setting.cpp */ = {isa = PBXFileReference; fileEncoding = 4; lastKnownFileType = sourcecode.cpp.cpp; path = Setting.cpp; sourceTree = "<group>"; };
		1D565A7E1A20D7E800999935 /* Setting.h */ = {isa = PBXFileReference; fileEncoding = 4; lastKnownFileType = sourcecode.c.h; path = Setting.h; sourceTree = "<group>"; };
		1D565A801A20D7FC00999935 /* Store.cpp */ = {isa = PBXFileReference; fileEncoding = 4; lastKnownFileType = sourcecode.cpp.cpp; path = Store.cpp; sourceTree = "<group>"; };
		1D565A811A20D7FC00999935 /* Store.h */ = {isa = PBXFileReference; fileEncoding = 4; lastKnownFileType = sourcecode.c.h; path = Store.h; sourceTree = "<group>"; };
		1D565A821A20D7FC00999935 /* YouMiUtil.h */ = {isa = PBXFileReference; fileEncoding = 4; lastKnownFileType = sourcecode.c.h; path = YouMiUtil.h; sourceTree = "<group>"; };
		1D565A831A20D7FC00999935 /* YouMiUtil.mm */ = {isa = PBXFileReference; fileEncoding = 4; lastKnownFileType = sourcecode.cpp.objcpp; path = YouMiUtil.mm; sourceTree = "<group>"; };
		1D6058910D05DD3D006BFB54 /* MonsterJump iOS.app */ = {isa = PBXFileReference; explicitFileType = wrapper.application; includeInIndex = 0; path = "MonsterJump iOS.app"; sourceTree = BUILT_PRODUCTS_DIR; };
		1D6C0FA61A28C12C0039F63B /* GameKit.framework */ = {isa = PBXFileReference; lastKnownFileType = wrapper.framework; name = GameKit.framework; path = Platforms/iPhoneOS.platform/Developer/SDKs/iPhoneOS8.1.sdk/System/Library/Frameworks/GameKit.framework; sourceTree = DEVELOPER_DIR; };
		1D867B3D1A1239E20014D2F5 /* AdManager.cpp */ = {isa = PBXFileReference; fileEncoding = 4; lastKnownFileType = sourcecode.cpp.cpp; path = AdManager.cpp; sourceTree = "<group>"; };
		1D867B3E1A1239E20014D2F5 /* AdManager.h */ = {isa = PBXFileReference; fileEncoding = 4; lastKnownFileType = sourcecode.c.h; path = AdManager.h; sourceTree = "<group>"; };
		1D867B3F1A1239E20014D2F5 /* Background.cpp */ = {isa = PBXFileReference; fileEncoding = 4; lastKnownFileType = sourcecode.cpp.cpp; path = Background.cpp; sourceTree = "<group>"; };
		1D867B401A1239E20014D2F5 /* Background.h */ = {isa = PBXFileReference; fileEncoding = 4; lastKnownFileType = sourcecode.c.h; path = Background.h; sourceTree = "<group>"; };
		1D867B411A1239E20014D2F5 /* GameLogic.cpp */ = {isa = PBXFileReference; fileEncoding = 4; lastKnownFileType = sourcecode.cpp.cpp; path = GameLogic.cpp; sourceTree = "<group>"; };
		1D867B421A1239E20014D2F5 /* GameLogic.h */ = {isa = PBXFileReference; fileEncoding = 4; lastKnownFileType = sourcecode.c.h; path = GameLogic.h; sourceTree = "<group>"; };
		1D867B431A1239E20014D2F5 /* Spring.cpp */ = {isa = PBXFileReference; fileEncoding = 4; lastKnownFileType = sourcecode.cpp.cpp; path = Spring.cpp; sourceTree = "<group>"; };
		1D867B441A1239E20014D2F5 /* Spring.h */ = {isa = PBXFileReference; fileEncoding = 4; lastKnownFileType = sourcecode.c.h; path = Spring.h; sourceTree = "<group>"; };
		1D867B731A123C700014D2F5 /* YouMiConfig.h */ = {isa = PBXFileReference; fileEncoding = 4; lastKnownFileType = sourcecode.c.h; path = YouMiConfig.h; sourceTree = "<group>"; };
		1D867B741A123C700014D2F5 /* YouMiDelegateProtocol.h */ = {isa = PBXFileReference; fileEncoding = 4; lastKnownFileType = sourcecode.c.h; path = YouMiDelegateProtocol.h; sourceTree = "<group>"; };
		1D867B751A123C700014D2F5 /* YouMiPointsManager.h */ = {isa = PBXFileReference; fileEncoding = 4; lastKnownFileType = sourcecode.c.h; path = YouMiPointsManager.h; sourceTree = "<group>"; };
		1D867B761A123C700014D2F5 /* YouMiSpots.h */ = {isa = PBXFileReference; fileEncoding = 4; lastKnownFileType = sourcecode.c.h; path = YouMiSpots.h; sourceTree = "<group>"; };
		1D867B771A123C700014D2F5 /* YouMiView.h */ = {isa = PBXFileReference; fileEncoding = 4; lastKnownFileType = sourcecode.c.h; path = YouMiView.h; sourceTree = "<group>"; };
		1D867B781A123C700014D2F5 /* YouMiWall.h */ = {isa = PBXFileReference; fileEncoding = 4; lastKnownFileType = sourcecode.c.h; path = YouMiWall.h; sourceTree = "<group>"; };
		1D867B791A123C700014D2F5 /* YouMiWallAppModel.h */ = {isa = PBXFileReference; fileEncoding = 4; lastKnownFileType = sourcecode.c.h; path = YouMiWallAppModel.h; sourceTree = "<group>"; };
		1D867B7A1A123C700014D2F5 /* YouMiWallBanner.h */ = {isa = PBXFileReference; fileEncoding = 4; lastKnownFileType = sourcecode.c.h; path = YouMiWallBanner.h; sourceTree = "<group>"; };
		1D867B7B1A123C700014D2F5 /* YouMiWallSpot.h */ = {isa = PBXFileReference; fileEncoding = 4; lastKnownFileType = sourcecode.c.h; path = YouMiWallSpot.h; sourceTree = "<group>"; };
		1D867B7C1A123C700014D2F5 /* YouMiWallSpotView.h */ = {isa = PBXFileReference; fileEncoding = 4; lastKnownFileType = sourcecode.c.h; path = YouMiWallSpotView.h; sourceTree = "<group>"; };
		1D867B7D1A123C700014D2F5 /* libYouMi.a */ = {isa = PBXFileReference; lastKnownFileType = archive.ar; path = libYouMi.a; sourceTree = "<group>"; };
		1D867B7F1A123CC50014D2F5 /* CFNetwork.framework */ = {isa = PBXFileReference; lastKnownFileType = wrapper.framework; name = CFNetwork.framework; path = Platforms/iPhoneOS.platform/Developer/SDKs/iPhoneOS7.1.sdk/System/Library/Frameworks/CFNetwork.framework; sourceTree = DEVELOPER_DIR; };
		1D867B811A123CE50014D2F5 /* StoreKit.framework */ = {isa = PBXFileReference; lastKnownFileType = wrapper.framework; name = StoreKit.framework; path = Platforms/iPhoneOS.platform/Developer/SDKs/iPhoneOS7.1.sdk/System/Library/Frameworks/StoreKit.framework; sourceTree = DEVELOPER_DIR; };
		1DBDF5E71A07B318003212BD /* TypeInfoDef.h */ = {isa = PBXFileReference; fileEncoding = 4; lastKnownFileType = sourcecode.c.h; path = TypeInfoDef.h; sourceTree = "<group>"; };
		1DBFCD341A05CAA7005AB74D /* AppDelegate.cpp */ = {isa = PBXFileReference; fileEncoding = 4; lastKnownFileType = sourcecode.cpp.cpp; path = AppDelegate.cpp; sourceTree = "<group>"; };
		1DBFCD351A05CAA7005AB74D /* AppDelegate.h */ = {isa = PBXFileReference; fileEncoding = 4; lastKnownFileType = sourcecode.c.h; path = AppDelegate.h; sourceTree = "<group>"; };
		1DBFCD361A05CAA7005AB74D /* BaseEntity.h */ = {isa = PBXFileReference; fileEncoding = 4; lastKnownFileType = sourcecode.c.h; path = BaseEntity.h; sourceTree = "<group>"; };
		1DBFCD371A05CAA7005AB74D /* BaseLayer.h */ = {isa = PBXFileReference; fileEncoding = 4; lastKnownFileType = sourcecode.c.h; path = BaseLayer.h; sourceTree = "<group>"; };
		1DBFCD431A05CAA7005AB74D /* C2DXShareSDK.cpp */ = {isa = PBXFileReference; fileEncoding = 4; lastKnownFileType = sourcecode.cpp.cpp; path = C2DXShareSDK.cpp; sourceTree = "<group>"; };
		1DBFCD441A05CAA7005AB74D /* C2DXShareSDK.h */ = {isa = PBXFileReference; fileEncoding = 4; lastKnownFileType = sourcecode.c.h; path = C2DXShareSDK.h; sourceTree = "<group>"; };
		1DBFCD451A05CAA7005AB74D /* C2DXShareSDKTypeDef.h */ = {isa = PBXFileReference; fileEncoding = 4; lastKnownFileType = sourcecode.c.h; path = C2DXShareSDKTypeDef.h; sourceTree = "<group>"; };
		1DBFCD471A05CAA7005AB74D /* C2DXiOSShareSDK.h */ = {isa = PBXFileReference; fileEncoding = 4; lastKnownFileType = sourcecode.c.h; path = C2DXiOSShareSDK.h; sourceTree = "<group>"; };
		1DBFCD481A05CAA7005AB74D /* C2DXiOSShareSDK.mm */ = {isa = PBXFileReference; fileEncoding = 4; lastKnownFileType = sourcecode.cpp.objcpp; path = C2DXiOSShareSDK.mm; sourceTree = "<group>"; };
		1DBFCD491A05CAA7005AB74D /* Dialog.cpp */ = {isa = PBXFileReference; fileEncoding = 4; lastKnownFileType = sourcecode.cpp.cpp; path = Dialog.cpp; sourceTree = "<group>"; };
		1DBFCD4A1A05CAA7005AB74D /* Dialog.h */ = {isa = PBXFileReference; fileEncoding = 4; lastKnownFileType = sourcecode.c.h; path = Dialog.h; sourceTree = "<group>"; };
		1DBFCD4B1A05CAA7005AB74D /* DialogManager.cpp */ = {isa = PBXFileReference; fileEncoding = 4; lastKnownFileType = sourcecode.cpp.cpp; path = DialogManager.cpp; sourceTree = "<group>"; };
		1DBFCD4C1A05CAA7005AB74D /* DialogManager.h */ = {isa = PBXFileReference; fileEncoding = 4; lastKnownFileType = sourcecode.c.h; path = DialogManager.h; sourceTree = "<group>"; };
		1DBFCD4D1A05CAA7005AB74D /* GameMap.cpp */ = {isa = PBXFileReference; fileEncoding = 4; lastKnownFileType = sourcecode.cpp.cpp; path = GameMap.cpp; sourceTree = "<group>"; };
		1DBFCD4E1A05CAA7005AB74D /* GameMap.h */ = {isa = PBXFileReference; fileEncoding = 4; lastKnownFileType = sourcecode.c.h; path = GameMap.h; sourceTree = "<group>"; };
		1DBFCD4F1A05CAA7005AB74D /* GameUI.cpp */ = {isa = PBXFileReference; fileEncoding = 4; lastKnownFileType = sourcecode.cpp.cpp; path = GameUI.cpp; sourceTree = "<group>"; };
		1DBFCD501A05CAA7005AB74D /* GameUI.h */ = {isa = PBXFileReference; fileEncoding = 4; lastKnownFileType = sourcecode.c.h; path = GameUI.h; sourceTree = "<group>"; };
		1DBFCD511A05CAA7005AB74D /* GameWorld.cpp */ = {isa = PBXFileReference; fileEncoding = 4; lastKnownFileType = sourcecode.cpp.cpp; path = GameWorld.cpp; sourceTree = "<group>"; };
		1DBFCD521A05CAA7005AB74D /* GameWorld.h */ = {isa = PBXFileReference; fileEncoding = 4; lastKnownFileType = sourcecode.c.h; path = GameWorld.h; sourceTree = "<group>"; };
		1DBFCD531A05CAA7005AB74D /* HelloWorldScene.cpp */ = {isa = PBXFileReference; fileEncoding = 4; lastKnownFileType = sourcecode.cpp.cpp; path = HelloWorldScene.cpp; sourceTree = "<group>"; };
		1DBFCD541A05CAA7005AB74D /* HelloWorldScene.h */ = {isa = PBXFileReference; fileEncoding = 4; lastKnownFileType = sourcecode.c.h; path = HelloWorldScene.h; sourceTree = "<group>"; };
		1DBFCD551A05CAA7005AB74D /* HeroSprite.cpp */ = {isa = PBXFileReference; fileEncoding = 4; lastKnownFileType = sourcecode.cpp.cpp; path = HeroSprite.cpp; sourceTree = "<group>"; };
		1DBFCD561A05CAA7005AB74D /* HeroSprite.h */ = {isa = PBXFileReference; fileEncoding = 4; lastKnownFileType = sourcecode.c.h; path = HeroSprite.h; sourceTree = "<group>"; };
		1DBFCD571A05CAA7005AB74D /* HomeLayer.cpp */ = {isa = PBXFileReference; fileEncoding = 4; lastKnownFileType = sourcecode.cpp.cpp; path = HomeLayer.cpp; sourceTree = "<group>"; };
		1DBFCD581A05CAA7005AB74D /* HomeLayer.h */ = {isa = PBXFileReference; fileEncoding = 4; lastKnownFileType = sourcecode.c.h; path = HomeLayer.h; sourceTree = "<group>"; };
		1DBFCD591A05CAA7005AB74D /* NormalWall.cpp */ = {isa = PBXFileReference; fileEncoding = 4; lastKnownFileType = sourcecode.cpp.cpp; path = NormalWall.cpp; sourceTree = "<group>"; };
		1DBFCD5A1A05CAA7005AB74D /* NormalWall.h */ = {isa = PBXFileReference; fileEncoding = 4; lastKnownFileType = sourcecode.c.h; path = NormalWall.h; sourceTree = "<group>"; };
		1DBFCD5B1A05CAA7005AB74D /* ShareManager.cpp */ = {isa = PBXFileReference; fileEncoding = 4; lastKnownFileType = sourcecode.cpp.cpp; path = ShareManager.cpp; sourceTree = "<group>"; };
		1DBFCD5C1A05CAA7005AB74D /* ShareManager.h */ = {isa = PBXFileReference; fileEncoding = 4; lastKnownFileType = sourcecode.c.h; path = ShareManager.h; sourceTree = "<group>"; };
		1DBFCD5D1A05CAA7005AB74D /* Singleton.h */ = {isa = PBXFileReference; fileEncoding = 4; lastKnownFileType = sourcecode.c.h; path = Singleton.h; sourceTree = "<group>"; };
		1DBFCD5E1A05CAA7005AB74D /* Utils.cpp */ = {isa = PBXFileReference; fileEncoding = 4; lastKnownFileType = sourcecode.cpp.cpp; path = Utils.cpp; sourceTree = "<group>"; };
		1DBFCD5F1A05CAA7005AB74D /* Utils.h */ = {isa = PBXFileReference; fileEncoding = 4; lastKnownFileType = sourcecode.c.h; path = Utils.h; sourceTree = "<group>"; };
		1DBFCD601A05CAA7005AB74D /* VisibleRect.cpp */ = {isa = PBXFileReference; fileEncoding = 4; lastKnownFileType = sourcecode.cpp.cpp; path = VisibleRect.cpp; sourceTree = "<group>"; };
		1DBFCD611A05CAA7005AB74D /* VisibleRect.h */ = {isa = PBXFileReference; fileEncoding = 4; lastKnownFileType = sourcecode.c.h; path = VisibleRect.h; sourceTree = "<group>"; };
		1DBFCD861A05CCD3005AB74D /* FacebookConnection.framework */ = {isa = PBXFileReference; lastKnownFileType = wrapper.framework; path = FacebookConnection.framework; sourceTree = "<group>"; };
		1DBFCD871A05CCD3005AB74D /* QQConnection.framework */ = {isa = PBXFileReference; lastKnownFileType = wrapper.framework; path = QQConnection.framework; sourceTree = "<group>"; };
		1DBFCD881A05CCD3005AB74D /* SinaWeiboConnection.framework */ = {isa = PBXFileReference; lastKnownFileType = wrapper.framework; path = SinaWeiboConnection.framework; sourceTree = "<group>"; };
		1DBFCD891A05CCD3005AB74D /* WeChatConnection.framework */ = {isa = PBXFileReference; lastKnownFileType = wrapper.framework; path = WeChatConnection.framework; sourceTree = "<group>"; };
		1DBFCD8B1A05CCD3005AB74D /* AGCommon.framework */ = {isa = PBXFileReference; lastKnownFileType = wrapper.framework; path = AGCommon.framework; sourceTree = "<group>"; };
		1DBFCD8D1A05CCD3005AB74D /* en */ = {isa = PBXFileReference; lastKnownFileType = text.plist.strings; name = en; path = en.lproj/ShareSDKLocalizable.strings; sourceTree = "<group>"; };
		1DBFCD8E1A05CCD3005AB74D /* Resource.bundle */ = {isa = PBXFileReference; lastKnownFileType = "wrapper.plug-in"; path = Resource.bundle; sourceTree = "<group>"; };
		1DBFCD8F1A05CCD3005AB74D /* ShareSDKCoreService.framework */ = {isa = PBXFileReference; lastKnownFileType = wrapper.framework; path = ShareSDKCoreService.framework; sourceTree = "<group>"; };
		1DBFCD901A05CCD3005AB74D /* zh-Hans */ = {isa = PBXFileReference; lastKnownFileType = text.plist.strings; name = "zh-Hans"; path = "zh-Hans.lproj/ShareSDKLocalizable.strings"; sourceTree = "<group>"; };
		1DBFCD931A05CCD3005AB74D /* TencentOpenAPI.framework */ = {isa = PBXFileReference; lastKnownFileType = wrapper.framework; path = TencentOpenAPI.framework; sourceTree = "<group>"; };
		1DBFCD941A05CCD3005AB74D /* TencentOpenApi_IOS_Bundle.bundle */ = {isa = PBXFileReference; lastKnownFileType = "wrapper.plug-in"; path = TencentOpenApi_IOS_Bundle.bundle; sourceTree = "<group>"; };
		1DBFCD961A05CCD3005AB74D /* libSinaWeiboSDK.a */ = {isa = PBXFileReference; lastKnownFileType = archive.ar; path = libSinaWeiboSDK.a; sourceTree = "<group>"; };
		1DBFCD971A05CCD3005AB74D /* WeiboSDK.bundle */ = {isa = PBXFileReference; lastKnownFileType = "wrapper.plug-in"; path = WeiboSDK.bundle; sourceTree = "<group>"; };
		1DBFCD981A05CCD3005AB74D /* WeiboSDK.h */ = {isa = PBXFileReference; fileEncoding = 4; lastKnownFileType = sourcecode.c.h; path = WeiboSDK.h; sourceTree = "<group>"; };
		1DBFCD9A1A05CCD3005AB74D /* libWeChatSDK.a */ = {isa = PBXFileReference; lastKnownFileType = archive.ar; path = libWeChatSDK.a; sourceTree = "<group>"; };
		1DBFCD9B1A05CCD3005AB74D /* WXApi.h */ = {isa = PBXFileReference; fileEncoding = 4; lastKnownFileType = sourcecode.c.h; path = WXApi.h; sourceTree = "<group>"; };
		1DBFCD9C1A05CCD3005AB74D /* WXApiObject.h */ = {isa = PBXFileReference; fileEncoding = 4; lastKnownFileType = sourcecode.c.h; path = WXApiObject.h; sourceTree = "<group>"; };
		1DBFCD9D1A05CCD3005AB74D /* ShareSDK.framework */ = {isa = PBXFileReference; lastKnownFileType = wrapper.framework; path = ShareSDK.framework; sourceTree = "<group>"; };
		1DBFCD9F1A05CCD3005AB74D /* ShareSDKFlatShareViewUI.bundle */ = {isa = PBXFileReference; lastKnownFileType = "wrapper.plug-in"; path = ShareSDKFlatShareViewUI.bundle; sourceTree = "<group>"; };
		1DBFCDA01A05CCD3005AB74D /* ShareSDKFlatShareViewUI.framework */ = {isa = PBXFileReference; lastKnownFileType = wrapper.framework; path = ShareSDKFlatShareViewUI.framework; sourceTree = "<group>"; };
		1DBFCDA11A05CCD3005AB74D /* ShareSDKShareActionSheet.framework */ = {isa = PBXFileReference; lastKnownFileType = wrapper.framework; path = ShareSDKShareActionSheet.framework; sourceTree = "<group>"; };
		1DBFCDB31A05CD72005AB74D /* SystemConfiguration.framework */ = {isa = PBXFileReference; lastKnownFileType = wrapper.framework; name = SystemConfiguration.framework; path = Platforms/iPhoneOS.platform/Developer/SDKs/iPhoneOS7.1.sdk/System/Library/Frameworks/SystemConfiguration.framework; sourceTree = DEVELOPER_DIR; };
		1DBFCDB51A05CD7F005AB74D /* QuartzCore.framework */ = {isa = PBXFileReference; lastKnownFileType = wrapper.framework; name = QuartzCore.framework; path = Platforms/iPhoneOS.platform/Developer/SDKs/iPhoneOS7.1.sdk/System/Library/Frameworks/QuartzCore.framework; sourceTree = DEVELOPER_DIR; };
		1DBFCDB71A05CD8F005AB74D /* CoreTelephony.framework */ = {isa = PBXFileReference; lastKnownFileType = wrapper.framework; name = CoreTelephony.framework; path = Platforms/iPhoneOS.platform/Developer/SDKs/iPhoneOS7.1.sdk/System/Library/Frameworks/CoreTelephony.framework; sourceTree = DEVELOPER_DIR; };
		1DBFCDB91A05CD9D005AB74D /* libicucore.dylib */ = {isa = PBXFileReference; lastKnownFileType = "compiled.mach-o.dylib"; name = libicucore.dylib; path = Platforms/iPhoneOS.platform/Developer/SDKs/iPhoneOS7.1.sdk/usr/lib/libicucore.dylib; sourceTree = DEVELOPER_DIR; };
		1DBFCDBB1A05CDAA005AB74D /* libz.1.2.5.dylib */ = {isa = PBXFileReference; lastKnownFileType = "compiled.mach-o.dylib"; name = libz.1.2.5.dylib; path = Platforms/iPhoneOS.platform/Developer/SDKs/iPhoneOS7.1.sdk/usr/lib/libz.1.2.5.dylib; sourceTree = DEVELOPER_DIR; };
		1DBFCDBD1A05CDB4005AB74D /* Security.framework */ = {isa = PBXFileReference; lastKnownFileType = wrapper.framework; name = Security.framework; path = Platforms/iPhoneOS.platform/Developer/SDKs/iPhoneOS7.1.sdk/System/Library/Frameworks/Security.framework; sourceTree = DEVELOPER_DIR; };
		1DBFCDBF1A05CDC5005AB74D /* libstdc++.dylib */ = {isa = PBXFileReference; lastKnownFileType = "compiled.mach-o.dylib"; name = "libstdc++.dylib"; path = "Platforms/iPhoneOS.platform/Developer/SDKs/iPhoneOS7.1.sdk/usr/lib/libstdc++.dylib"; sourceTree = DEVELOPER_DIR; };
		1DBFCDC11A05CDE8005AB74D /* libsqlite3.dylib */ = {isa = PBXFileReference; lastKnownFileType = "compiled.mach-o.dylib"; name = libsqlite3.dylib; path = Platforms/iPhoneOS.platform/Developer/SDKs/iPhoneOS7.1.sdk/usr/lib/libsqlite3.dylib; sourceTree = DEVELOPER_DIR; };
		1DC065A71A28A2C2007A9C9D /* ContactListener.cpp */ = {isa = PBXFileReference; fileEncoding = 4; lastKnownFileType = sourcecode.cpp.cpp; path = ContactListener.cpp; sourceTree = "<group>"; };
		1DC065A81A28A2C2007A9C9D /* ContactListener.h */ = {isa = PBXFileReference; fileEncoding = 4; lastKnownFileType = sourcecode.c.h; path = ContactListener.h; sourceTree = "<group>"; };
		1DC065AA1A28A2D1007A9C9D /* ResultLayer.cpp */ = {isa = PBXFileReference; fileEncoding = 4; lastKnownFileType = sourcecode.cpp.cpp; path = ResultLayer.cpp; sourceTree = "<group>"; };
		1DC065AB1A28A2D1007A9C9D /* ResultLayer.h */ = {isa = PBXFileReference; fileEncoding = 4; lastKnownFileType = sourcecode.c.h; path = ResultLayer.h; sourceTree = "<group>"; };
		1DC865EF1A236BEC0060BE80 /* GameCenter.h */ = {isa = PBXFileReference; fileEncoding = 4; lastKnownFileType = sourcecode.c.h; path = GameCenter.h; sourceTree = "<group>"; };
		1DC865F01A236BEC0060BE80 /* GameCenter.m */ = {isa = PBXFileReference; fileEncoding = 4; lastKnownFileType = sourcecode.c.objc; path = GameCenter.m; sourceTree = "<group>"; };
		1DF5F4DF0D08C38300B7A737 /* UIKit.framework */ = {isa = PBXFileReference; lastKnownFileType = wrapper.framework; name = UIKit.framework; path = System/Library/Frameworks/UIKit.framework; sourceTree = SDKROOT; };
		288765A40DF7441C002DB57D /* CoreGraphics.framework */ = {isa = PBXFileReference; lastKnownFileType = wrapper.framework; name = CoreGraphics.framework; path = System/Library/Frameworks/CoreGraphics.framework; sourceTree = SDKROOT; };
		503AE0F617EB97AB00D1A890 /* Icon.icns */ = {isa = PBXFileReference; lastKnownFileType = image.icns; path = Icon.icns; sourceTree = "<group>"; };
		503AE0F717EB97AB00D1A890 /* Info.plist */ = {isa = PBXFileReference; fileEncoding = 4; lastKnownFileType = text.plist.xml; path = Info.plist; sourceTree = "<group>"; };
		503AE0FA17EB989F00D1A890 /* AppController.h */ = {isa = PBXFileReference; fileEncoding = 4; lastKnownFileType = sourcecode.c.h; name = AppController.h; path = ios/AppController.h; sourceTree = SOURCE_ROOT; };
		503AE0FB17EB989F00D1A890 /* AppController.mm */ = {isa = PBXFileReference; fileEncoding = 4; lastKnownFileType = sourcecode.cpp.objcpp; name = AppController.mm; path = ios/AppController.mm; sourceTree = SOURCE_ROOT; };
		503AE0FC17EB989F00D1A890 /* main.m */ = {isa = PBXFileReference; fileEncoding = 4; lastKnownFileType = sourcecode.c.objc; name = main.m; path = ios/main.m; sourceTree = SOURCE_ROOT; };
		503AE0FD17EB989F00D1A890 /* Prefix.pch */ = {isa = PBXFileReference; fileEncoding = 4; lastKnownFileType = sourcecode.c.h; name = Prefix.pch; path = ios/Prefix.pch; sourceTree = SOURCE_ROOT; };
		503AE0FE17EB989F00D1A890 /* RootViewController.h */ = {isa = PBXFileReference; fileEncoding = 4; lastKnownFileType = sourcecode.c.h; name = RootViewController.h; path = ios/RootViewController.h; sourceTree = SOURCE_ROOT; };
		503AE0FF17EB989F00D1A890 /* RootViewController.mm */ = {isa = PBXFileReference; fileEncoding = 4; lastKnownFileType = sourcecode.cpp.objcpp; name = RootViewController.mm; path = ios/RootViewController.mm; sourceTree = SOURCE_ROOT; };
		503AE10317EB98FF00D1A890 /* main.cpp */ = {isa = PBXFileReference; fileEncoding = 4; lastKnownFileType = sourcecode.cpp.cpp; name = main.cpp; path = mac/main.cpp; sourceTree = "<group>"; };
		503AE10417EB98FF00D1A890 /* Prefix.pch */ = {isa = PBXFileReference; fileEncoding = 4; lastKnownFileType = sourcecode.c.h; name = Prefix.pch; path = mac/Prefix.pch; sourceTree = "<group>"; };
		503AE11117EB99EE00D1A890 /* libcurl.dylib */ = {isa = PBXFileReference; lastKnownFileType = "compiled.mach-o.dylib"; name = libcurl.dylib; path = usr/lib/libcurl.dylib; sourceTree = SDKROOT; };
		503AE11A17EB9C5A00D1A890 /* IOKit.framework */ = {isa = PBXFileReference; lastKnownFileType = wrapper.framework; name = IOKit.framework; path = System/Library/Frameworks/IOKit.framework; sourceTree = SDKROOT; };
		5087E76F17EB910900C73F5D /* MonsterJump Mac.app */ = {isa = PBXFileReference; explicitFileType = wrapper.application; includeInIndex = 0; path = "MonsterJump Mac.app"; sourceTree = BUILT_PRODUCTS_DIR; };
		5087E77217EB970100C73F5D /* Default-568h@2x.png */ = {isa = PBXFileReference; lastKnownFileType = image.png; path = "Default-568h@2x.png"; sourceTree = "<group>"; };
		5087E77317EB970100C73F5D /* Default.png */ = {isa = PBXFileReference; lastKnownFileType = image.png; path = Default.png; sourceTree = "<group>"; };
		5087E77417EB970100C73F5D /* Default@2x.png */ = {isa = PBXFileReference; lastKnownFileType = image.png; path = "Default@2x.png"; sourceTree = "<group>"; };
		5087E77517EB970100C73F5D /* Icon-114.png */ = {isa = PBXFileReference; lastKnownFileType = image.png; path = "Icon-114.png"; sourceTree = "<group>"; };
		5087E77617EB970100C73F5D /* Icon-120.png */ = {isa = PBXFileReference; lastKnownFileType = image.png; path = "Icon-120.png"; sourceTree = "<group>"; };
		5087E77717EB970100C73F5D /* Icon-144.png */ = {isa = PBXFileReference; lastKnownFileType = image.png; path = "Icon-144.png"; sourceTree = "<group>"; };
		5087E77817EB970100C73F5D /* Icon-152.png */ = {isa = PBXFileReference; lastKnownFileType = image.png; path = "Icon-152.png"; sourceTree = "<group>"; };
		5087E77917EB970100C73F5D /* Icon-57.png */ = {isa = PBXFileReference; lastKnownFileType = image.png; path = "Icon-57.png"; sourceTree = "<group>"; };
		5087E77A17EB970100C73F5D /* Icon-72.png */ = {isa = PBXFileReference; lastKnownFileType = image.png; path = "Icon-72.png"; sourceTree = "<group>"; };
		5087E77B17EB970100C73F5D /* Icon-76.png */ = {isa = PBXFileReference; lastKnownFileType = image.png; path = "Icon-76.png"; sourceTree = "<group>"; };
		5087E77C17EB970100C73F5D /* Info.plist */ = {isa = PBXFileReference; fileEncoding = 4; lastKnownFileType = text.plist.xml; path = Info.plist; sourceTree = "<group>"; };
		5087E78817EB974C00C73F5D /* AppKit.framework */ = {isa = PBXFileReference; lastKnownFileType = wrapper.framework; name = AppKit.framework; path = System/Library/Frameworks/AppKit.framework; sourceTree = SDKROOT; };
		5087E78A17EB975400C73F5D /* OpenGL.framework */ = {isa = PBXFileReference; lastKnownFileType = wrapper.framework; name = OpenGL.framework; path = System/Library/Frameworks/OpenGL.framework; sourceTree = SDKROOT; };
		50EF629217ECD46A001EB2F8 /* Icon-40.png */ = {isa = PBXFileReference; lastKnownFileType = image.png; path = "Icon-40.png"; sourceTree = "<group>"; };
		50EF629317ECD46A001EB2F8 /* Icon-58.png */ = {isa = PBXFileReference; lastKnownFileType = image.png; path = "Icon-58.png"; sourceTree = "<group>"; };
		50EF629417ECD46A001EB2F8 /* Icon-80.png */ = {isa = PBXFileReference; lastKnownFileType = image.png; path = "Icon-80.png"; sourceTree = "<group>"; };
		50EF629517ECD46A001EB2F8 /* Icon-100.png */ = {isa = PBXFileReference; lastKnownFileType = image.png; path = "Icon-100.png"; sourceTree = "<group>"; };
		50EF62A017ECD613001EB2F8 /* Icon-29.png */ = {isa = PBXFileReference; lastKnownFileType = image.png; path = "Icon-29.png"; sourceTree = "<group>"; };
		50EF62A117ECD613001EB2F8 /* Icon-50.png */ = {isa = PBXFileReference; lastKnownFileType = image.png; path = "Icon-50.png"; sourceTree = "<group>"; };
		521A8E6219F0C34300D177D7 /* Default-667h@2x.png */ = {isa = PBXFileReference; lastKnownFileType = image.png; path = "Default-667h@2x.png"; sourceTree = "<group>"; };
		521A8E6319F0C34300D177D7 /* Default-736h@3x.png */ = {isa = PBXFileReference; lastKnownFileType = image.png; path = "Default-736h@3x.png"; sourceTree = "<group>"; };
		BF170DB012928DE900B8313A /* OpenGLES.framework */ = {isa = PBXFileReference; lastKnownFileType = wrapper.framework; name = OpenGLES.framework; path = System/Library/Frameworks/OpenGLES.framework; sourceTree = SDKROOT; };
		BF170DB412928DE900B8313A /* libz.dylib */ = {isa = PBXFileReference; lastKnownFileType = "compiled.mach-o.dylib"; name = libz.dylib; path = usr/lib/libz.dylib; sourceTree = SDKROOT; };
		BF1C47EA1293683800B63C5D /* QuartzCore.framework */ = {isa = PBXFileReference; lastKnownFileType = wrapper.framework; name = QuartzCore.framework; path = System/Library/Frameworks/QuartzCore.framework; sourceTree = SDKROOT; };
		D44C620B132DFF330009C878 /* OpenAL.framework */ = {isa = PBXFileReference; lastKnownFileType = wrapper.framework; name = OpenAL.framework; path = System/Library/Frameworks/OpenAL.framework; sourceTree = SDKROOT; };
		D44C620D132DFF430009C878 /* AVFoundation.framework */ = {isa = PBXFileReference; lastKnownFileType = wrapper.framework; name = AVFoundation.framework; path = System/Library/Frameworks/AVFoundation.framework; sourceTree = SDKROOT; };
		D44C620F132DFF4E0009C878 /* AudioToolbox.framework */ = {isa = PBXFileReference; lastKnownFileType = wrapper.framework; name = AudioToolbox.framework; path = System/Library/Frameworks/AudioToolbox.framework; sourceTree = SDKROOT; };
		D6B0611A1803AB670077942B /* CoreMotion.framework */ = {isa = PBXFileReference; lastKnownFileType = wrapper.framework; name = CoreMotion.framework; path = Platforms/iPhoneOS.platform/Developer/SDKs/iPhoneOS7.0.sdk/System/Library/Frameworks/CoreMotion.framework; sourceTree = DEVELOPER_DIR; };
/* End PBXFileReference section */

/* Begin PBXFrameworksBuildPhase section */
		1D60588F0D05DD3D006BFB54 /* Frameworks */ = {
			isa = PBXFrameworksBuildPhase;
			buildActionMask = 2147483647;
			files = (
				1D6C0FA71A28C12C0039F63B /* GameKit.framework in Frameworks */,
				1D867B821A123CE50014D2F5 /* StoreKit.framework in Frameworks */,
				1DBFCDC21A05CDE8005AB74D /* libsqlite3.dylib in Frameworks */,
				1DBFCDB61A05CD7F005AB74D /* QuartzCore.framework in Frameworks */,
				1D867B801A123CC50014D2F5 /* CFNetwork.framework in Frameworks */,
				1DBFCDB41A05CD72005AB74D /* SystemConfiguration.framework in Frameworks */,
				1DBFCDBE1A05CDB4005AB74D /* Security.framework in Frameworks */,
				1D867B7E1A123C700014D2F5 /* libYouMi.a in Frameworks */,
				1DBFCDC01A05CDC5005AB74D /* libstdc++.dylib in Frameworks */,
				1DBFCDBC1A05CDAA005AB74D /* libz.1.2.5.dylib in Frameworks */,
				1DBFCDBA1A05CD9D005AB74D /* libicucore.dylib in Frameworks */,
				1DBFCDB81A05CD8F005AB74D /* CoreTelephony.framework in Frameworks */,
				1AC6FB30180E99EB004C840B /* libcocos2d iOS.a in Frameworks */,
				1DBFCDB11A05CCD4005AB74D /* ShareSDKFlatShareViewUI.framework in Frameworks */,
				1DBFCDAA1A05CCD3005AB74D /* TencentOpenAPI.framework in Frameworks */,
				D6B0611B1803AB670077942B /* CoreMotion.framework in Frameworks */,
				1D60589F0D05DD5A006BFB54 /* Foundation.framework in Frameworks */,
				1DBFCDB21A05CCD4005AB74D /* ShareSDKShareActionSheet.framework in Frameworks */,
				1DF5F4E00D08C38300B7A737 /* UIKit.framework in Frameworks */,
				288765A50DF7441C002DB57D /* CoreGraphics.framework in Frameworks */,
				1DBFCDAC1A05CCD4005AB74D /* libSinaWeiboSDK.a in Frameworks */,
				1DBFCDA51A05CCD3005AB74D /* WeChatConnection.framework in Frameworks */,
				BF171245129291EC00B8313A /* OpenGLES.framework in Frameworks */,
				1DBFCDAF1A05CCD4005AB74D /* ShareSDK.framework in Frameworks */,
				1DBFCDA31A05CCD3005AB74D /* QQConnection.framework in Frameworks */,
				BF1712471292920000B8313A /* libz.dylib in Frameworks */,
				1DBFCDA91A05CCD3005AB74D /* ShareSDKCoreService.framework in Frameworks */,
				BF1C47F01293687400B63C5D /* QuartzCore.framework in Frameworks */,
				D44C620C132DFF330009C878 /* OpenAL.framework in Frameworks */,
				1DBFCDAE1A05CCD4005AB74D /* libWeChatSDK.a in Frameworks */,
				D44C620E132DFF430009C878 /* AVFoundation.framework in Frameworks */,
				1DBFCDA21A05CCD3005AB74D /* FacebookConnection.framework in Frameworks */,
				1DBFCDA41A05CCD3005AB74D /* SinaWeiboConnection.framework in Frameworks */,
				D44C6210132DFF4E0009C878 /* AudioToolbox.framework in Frameworks */,
				1DBFCDA61A05CCD3005AB74D /* AGCommon.framework in Frameworks */,
			);
			runOnlyForDeploymentPostprocessing = 0;
		};
		5087E75C17EB910900C73F5D /* Frameworks */ = {
			isa = PBXFrameworksBuildPhase;
			buildActionMask = 2147483647;
			files = (
				1AC6FB21180E996B004C840B /* libcocos2d Mac.a in Frameworks */,
				503AE11217EB99EE00D1A890 /* libcurl.dylib in Frameworks */,
				5087E76717EB910900C73F5D /* libz.dylib in Frameworks */,
				503AE11B17EB9C5A00D1A890 /* IOKit.framework in Frameworks */,
				5087E78B17EB975400C73F5D /* OpenGL.framework in Frameworks */,
				5087E78917EB974C00C73F5D /* AppKit.framework in Frameworks */,
				5087E76317EB910900C73F5D /* Foundation.framework in Frameworks */,
				5087E76817EB910900C73F5D /* QuartzCore.framework in Frameworks */,
				5087E76917EB910900C73F5D /* OpenAL.framework in Frameworks */,
				5087E76A17EB910900C73F5D /* AVFoundation.framework in Frameworks */,
				5087E76B17EB910900C73F5D /* AudioToolbox.framework in Frameworks */,
			);
			runOnlyForDeploymentPostprocessing = 0;
		};
/* End PBXFrameworksBuildPhase section */

/* Begin PBXGroup section */
		080E96DDFE201D6D7F000001 /* ios */ = {
			isa = PBXGroup;
			children = (
				1D867B711A123C700014D2F5 /* lib */,
				1DBFCD841A05CCD3005AB74D /* ShareSDK */,
				5087E77117EB970100C73F5D /* Icons */,
				503AE0FA17EB989F00D1A890 /* AppController.h */,
				503AE0FB17EB989F00D1A890 /* AppController.mm */,
				503AE0FC17EB989F00D1A890 /* main.m */,
				503AE0FD17EB989F00D1A890 /* Prefix.pch */,
				503AE0FE17EB989F00D1A890 /* RootViewController.h */,
				503AE0FF17EB989F00D1A890 /* RootViewController.mm */,
			);
			name = ios;
			path = Classes;
			sourceTree = "<group>";
		};
		19C28FACFE9D520D11CA2CBB /* Products */ = {
			isa = PBXGroup;
			children = (
				1D6058910D05DD3D006BFB54 /* MonsterJump iOS.app */,
				5087E76F17EB910900C73F5D /* MonsterJump Mac.app */,
			);
			name = Products;
			sourceTree = "<group>";
		};
		1AC6FAE6180E9839004C840B /* Products */ = {
			isa = PBXGroup;
			children = (
				1AC6FAF9180E9839004C840B /* libcocos2d Mac.a */,
				1AC6FB07180E9839004C840B /* libcocos2d iOS.a */,
			);
			name = Products;
			sourceTree = "<group>";
		};
		1D867B711A123C700014D2F5 /* lib */ = {
			isa = PBXGroup;
			children = (
				1D867B721A123C700014D2F5 /* include */,
				1D867B7D1A123C700014D2F5 /* libYouMi.a */,
			);
			path = lib;
			sourceTree = SOURCE_ROOT;
		};
		1D867B721A123C700014D2F5 /* include */ = {
			isa = PBXGroup;
			children = (
				1D867B731A123C700014D2F5 /* YouMiConfig.h */,
				1D867B741A123C700014D2F5 /* YouMiDelegateProtocol.h */,
				1D867B751A123C700014D2F5 /* YouMiPointsManager.h */,
				1D867B761A123C700014D2F5 /* YouMiSpots.h */,
				1D867B771A123C700014D2F5 /* YouMiView.h */,
				1D867B781A123C700014D2F5 /* YouMiWall.h */,
				1D867B791A123C700014D2F5 /* YouMiWallAppModel.h */,
				1D867B7A1A123C700014D2F5 /* YouMiWallBanner.h */,
				1D867B7B1A123C700014D2F5 /* YouMiWallSpot.h */,
				1D867B7C1A123C700014D2F5 /* YouMiWallSpotView.h */,
			);
			path = include;
			sourceTree = "<group>";
		};
		1DBFCD381A05CAA7005AB74D /* C2DXShareSDK */ = {
			isa = PBXGroup;
			children = (
				1DBFCD431A05CAA7005AB74D /* C2DXShareSDK.cpp */,
				1DBFCD441A05CAA7005AB74D /* C2DXShareSDK.h */,
				1DBFCD451A05CAA7005AB74D /* C2DXShareSDKTypeDef.h */,
				1DBFCD461A05CAA7005AB74D /* ios */,
			);
			path = C2DXShareSDK;
			sourceTree = "<group>";
		};
		1DBFCD461A05CAA7005AB74D /* ios */ = {
			isa = PBXGroup;
			children = (
				1DBFCD471A05CAA7005AB74D /* C2DXiOSShareSDK.h */,
				1DBFCD481A05CAA7005AB74D /* C2DXiOSShareSDK.mm */,
			);
			path = ios;
			sourceTree = "<group>";
		};
		1DBFCD841A05CCD3005AB74D /* ShareSDK */ = {
			isa = PBXGroup;
			children = (
				1DBFCD851A05CCD3005AB74D /* Connection */,
				1DBFCD8A1A05CCD3005AB74D /* Core */,
				1DBFCD911A05CCD3005AB74D /* Extend */,
				1DBFCD9D1A05CCD3005AB74D /* ShareSDK.framework */,
				1DBFCD9E1A05CCD3005AB74D /* UI */,
			);
			name = ShareSDK;
			path = ../../sdk/ShareSDK;
			sourceTree = "<group>";
		};
		1DBFCD851A05CCD3005AB74D /* Connection */ = {
			isa = PBXGroup;
			children = (
				1DBFCD861A05CCD3005AB74D /* FacebookConnection.framework */,
				1DBFCD871A05CCD3005AB74D /* QQConnection.framework */,
				1DBFCD881A05CCD3005AB74D /* SinaWeiboConnection.framework */,
				1DBFCD891A05CCD3005AB74D /* WeChatConnection.framework */,
			);
			path = Connection;
			sourceTree = "<group>";
		};
		1DBFCD8A1A05CCD3005AB74D /* Core */ = {
			isa = PBXGroup;
			children = (
				1DBFCD8B1A05CCD3005AB74D /* AGCommon.framework */,
				1DBFCD8C1A05CCD3005AB74D /* ShareSDKLocalizable.strings */,
				1DBFCD8E1A05CCD3005AB74D /* Resource.bundle */,
				1DBFCD8F1A05CCD3005AB74D /* ShareSDKCoreService.framework */,
			);
			path = Core;
			sourceTree = "<group>";
		};
		1DBFCD911A05CCD3005AB74D /* Extend */ = {
			isa = PBXGroup;
			children = (
				1DBFCD921A05CCD3005AB74D /* QQConnectSDK */,
				1DBFCD951A05CCD3005AB74D /* SinaWeiboSDK */,
				1DBFCD991A05CCD3005AB74D /* WeChatSDK */,
			);
			path = Extend;
			sourceTree = "<group>";
		};
		1DBFCD921A05CCD3005AB74D /* QQConnectSDK */ = {
			isa = PBXGroup;
			children = (
				1DBFCD931A05CCD3005AB74D /* TencentOpenAPI.framework */,
				1DBFCD941A05CCD3005AB74D /* TencentOpenApi_IOS_Bundle.bundle */,
			);
			path = QQConnectSDK;
			sourceTree = "<group>";
		};
		1DBFCD951A05CCD3005AB74D /* SinaWeiboSDK */ = {
			isa = PBXGroup;
			children = (
				1DBFCD961A05CCD3005AB74D /* libSinaWeiboSDK.a */,
				1DBFCD971A05CCD3005AB74D /* WeiboSDK.bundle */,
				1DBFCD981A05CCD3005AB74D /* WeiboSDK.h */,
			);
			path = SinaWeiboSDK;
			sourceTree = "<group>";
		};
		1DBFCD991A05CCD3005AB74D /* WeChatSDK */ = {
			isa = PBXGroup;
			children = (
				1DBFCD9A1A05CCD3005AB74D /* libWeChatSDK.a */,
				1DBFCD9B1A05CCD3005AB74D /* WXApi.h */,
				1DBFCD9C1A05CCD3005AB74D /* WXApiObject.h */,
			);
			path = WeChatSDK;
			sourceTree = "<group>";
		};
		1DBFCD9E1A05CCD3005AB74D /* UI */ = {
			isa = PBXGroup;
			children = (
				1DBFCD9F1A05CCD3005AB74D /* ShareSDKFlatShareViewUI.bundle */,
				1DBFCDA01A05CCD3005AB74D /* ShareSDKFlatShareViewUI.framework */,
				1DBFCDA11A05CCD3005AB74D /* ShareSDKShareActionSheet.framework */,
			);
			path = UI;
			sourceTree = "<group>";
		};
		29B97314FDCFA39411CA2CEA /* CustomTemplate */ = {
			isa = PBXGroup;
			children = (
				46880B8319C43A87006E1F66 /* Classes */,
				1AC6FAE5180E9839004C840B /* cocos2d_libs.xcodeproj */,
				29B97323FDCFA39411CA2CEA /* Frameworks */,
				080E96DDFE201D6D7F000001 /* ios */,
				503AE10617EB990700D1A890 /* mac */,
				19C28FACFE9D520D11CA2CBB /* Products */,
				46880B7519C43A67006E1F66 /* Resources */,
			);
			name = CustomTemplate;
			sourceTree = "<group>";
		};
		29B97323FDCFA39411CA2CEA /* Frameworks */ = {
			isa = PBXGroup;
			children = (
				1D6C0FA61A28C12C0039F63B /* GameKit.framework */,
				1D867B811A123CE50014D2F5 /* StoreKit.framework */,
				1D867B7F1A123CC50014D2F5 /* CFNetwork.framework */,
				1DBFCDC11A05CDE8005AB74D /* libsqlite3.dylib */,
				1DBFCDBF1A05CDC5005AB74D /* libstdc++.dylib */,
				1DBFCDBD1A05CDB4005AB74D /* Security.framework */,
				1DBFCDBB1A05CDAA005AB74D /* libz.1.2.5.dylib */,
				1DBFCDB91A05CD9D005AB74D /* libicucore.dylib */,
				1DBFCDB71A05CD8F005AB74D /* CoreTelephony.framework */,
				1DBFCDB51A05CD7F005AB74D /* QuartzCore.framework */,
				1DBFCDB31A05CD72005AB74D /* SystemConfiguration.framework */,
				D6B0611A1803AB670077942B /* CoreMotion.framework */,
				503AE11A17EB9C5A00D1A890 /* IOKit.framework */,
				503AE11117EB99EE00D1A890 /* libcurl.dylib */,
				5087E78A17EB975400C73F5D /* OpenGL.framework */,
				5087E78817EB974C00C73F5D /* AppKit.framework */,
				1ACB3243164770DE00914215 /* libcurl.a */,
				BF170DB412928DE900B8313A /* libz.dylib */,
				D44C620F132DFF4E0009C878 /* AudioToolbox.framework */,
				D44C620D132DFF430009C878 /* AVFoundation.framework */,
				288765A40DF7441C002DB57D /* CoreGraphics.framework */,
				1D30AB110D05D00D00671497 /* Foundation.framework */,
				D44C620B132DFF330009C878 /* OpenAL.framework */,
				BF170DB012928DE900B8313A /* OpenGLES.framework */,
				BF1C47EA1293683800B63C5D /* QuartzCore.framework */,
				1DF5F4DF0D08C38300B7A737 /* UIKit.framework */,
			);
			name = Frameworks;
			sourceTree = "<group>";
		};
		46880B7519C43A67006E1F66 /* Resources */ = {
			isa = PBXGroup;
			children = (
				1D565A641A20D7CD00999935 /* bg.png */,
				1D565A651A20D7CD00999935 /* bg1.png */,
				1D565A661A20D7CD00999935 /* cloud_1.png */,
				1D565A671A20D7CD00999935 /* cloud_2.png */,
				1D565A681A20D7CD00999935 /* effect */,
				1D565A691A20D7CD00999935 /* fonts */,
				1D565A6A1A20D7CD00999935 /* map */,
				1D565A6B1A20D7CD00999935 /* plist */,
				1D565A6C1A20D7CD00999935 /* res */,
				1D565A6D1A20D7CD00999935 /* ShareSDK.xml */,
				1D565A6E1A20D7CD00999935 /* ui */,
			);
			name = Resources;
			path = ../Resources;
			sourceTree = "<group>";
		};
		46880B8319C43A87006E1F66 /* Classes */ = {
			isa = PBXGroup;
			children = (
				1D242C741A38945D0095003E /* MessageDispatcher.cpp */,
				1D242C751A38945D0095003E /* MessageDispatcher.h */,
				1D242C761A38945D0095003E /* MessageManager.cpp */,
				1D242C771A38945D0095003E /* MessageManager.h */,
				1D242C781A38945D0095003E /* Telegram.h */,
				1DC065AA1A28A2D1007A9C9D /* ResultLayer.cpp */,
				1DC065AB1A28A2D1007A9C9D /* ResultLayer.h */,
				1DC065A71A28A2C2007A9C9D /* ContactListener.cpp */,
				1DC065A81A28A2C2007A9C9D /* ContactListener.h */,
				1DC865EF1A236BEC0060BE80 /* GameCenter.h */,
				1DC865F01A236BEC0060BE80 /* GameCenter.m */,
				1D565A801A20D7FC00999935 /* Store.cpp */,
				1D565A811A20D7FC00999935 /* Store.h */,
				1D565A821A20D7FC00999935 /* YouMiUtil.h */,
				1D565A831A20D7FC00999935 /* YouMiUtil.mm */,
				1D565A7D1A20D7E800999935 /* Setting.cpp */,
				1D565A7E1A20D7E800999935 /* Setting.h */,
				1D565A7A1A20D7DB00999935 /* BuyCoin.cpp */,
				1D565A7B1A20D7DB00999935 /* BuyCoin.h */,
				1D867B3D1A1239E20014D2F5 /* AdManager.cpp */,
				1D867B3E1A1239E20014D2F5 /* AdManager.h */,
				1D867B3F1A1239E20014D2F5 /* Background.cpp */,
				1D867B401A1239E20014D2F5 /* Background.h */,
				1D867B411A1239E20014D2F5 /* GameLogic.cpp */,
				1D867B421A1239E20014D2F5 /* GameLogic.h */,
				1D867B431A1239E20014D2F5 /* Spring.cpp */,
				1D867B441A1239E20014D2F5 /* Spring.h */,
				1D3C65F51A0E4C7B000C7AF2 /* BaseSprite.h */,
				1D3C65F61A0E4C7B000C7AF2 /* Bird.cpp */,
				1D3C65F71A0E4C7B000C7AF2 /* Bird.h */,
				1D3C65F81A0E4C7B000C7AF2 /* Collapsar.cpp */,
				1D3C65F91A0E4C7B000C7AF2 /* Collapsar.h */,
				1D3C65FA1A0E4C7B000C7AF2 /* Gold.cpp */,
				1D3C65FB1A0E4C7B000C7AF2 /* Gold.h */,
				1D3C65FC1A0E4C7B000C7AF2 /* ObjectManager.cpp */,
				1D3C65FD1A0E4C7B000C7AF2 /* ObjectManager.h */,
				1D3C65FE1A0E4C7B000C7AF2 /* Plane.cpp */,
				1D3C65FF1A0E4C7B000C7AF2 /* Plane.h */,
				1DBDF5E71A07B318003212BD /* TypeInfoDef.h */,
				1DBFCD341A05CAA7005AB74D /* AppDelegate.cpp */,
				1DBFCD351A05CAA7005AB74D /* AppDelegate.h */,
				1DBFCD361A05CAA7005AB74D /* BaseEntity.h */,
				1DBFCD371A05CAA7005AB74D /* BaseLayer.h */,
				1DBFCD381A05CAA7005AB74D /* C2DXShareSDK */,
				1DBFCD491A05CAA7005AB74D /* Dialog.cpp */,
				1DBFCD4A1A05CAA7005AB74D /* Dialog.h */,
				1DBFCD4B1A05CAA7005AB74D /* DialogManager.cpp */,
				1DBFCD4C1A05CAA7005AB74D /* DialogManager.h */,
				1DBFCD4D1A05CAA7005AB74D /* GameMap.cpp */,
				1DBFCD4E1A05CAA7005AB74D /* GameMap.h */,
				1DBFCD4F1A05CAA7005AB74D /* GameUI.cpp */,
				1DBFCD501A05CAA7005AB74D /* GameUI.h */,
				1DBFCD511A05CAA7005AB74D /* GameWorld.cpp */,
				1DBFCD521A05CAA7005AB74D /* GameWorld.h */,
				1DBFCD531A05CAA7005AB74D /* HelloWorldScene.cpp */,
				1DBFCD541A05CAA7005AB74D /* HelloWorldScene.h */,
				1DBFCD551A05CAA7005AB74D /* HeroSprite.cpp */,
				1DBFCD561A05CAA7005AB74D /* HeroSprite.h */,
				1DBFCD571A05CAA7005AB74D /* HomeLayer.cpp */,
				1DBFCD581A05CAA7005AB74D /* HomeLayer.h */,
				1DBFCD591A05CAA7005AB74D /* NormalWall.cpp */,
				1DBFCD5A1A05CAA7005AB74D /* NormalWall.h */,
				1DBFCD5B1A05CAA7005AB74D /* ShareManager.cpp */,
				1DBFCD5C1A05CAA7005AB74D /* ShareManager.h */,
				1DBFCD5D1A05CAA7005AB74D /* Singleton.h */,
				1DBFCD5E1A05CAA7005AB74D /* Utils.cpp */,
				1DBFCD5F1A05CAA7005AB74D /* Utils.h */,
				1DBFCD601A05CAA7005AB74D /* VisibleRect.cpp */,
				1DBFCD611A05CAA7005AB74D /* VisibleRect.h */,
			);
			name = Classes;
			path = ../Classes;
			sourceTree = "<group>";
		};
		503AE0F517EB97AB00D1A890 /* Icons */ = {
			isa = PBXGroup;
			children = (
				503AE0F617EB97AB00D1A890 /* Icon.icns */,
				503AE0F717EB97AB00D1A890 /* Info.plist */,
			);
			name = Icons;
			path = mac;
			sourceTree = SOURCE_ROOT;
		};
		503AE10617EB990700D1A890 /* mac */ = {
			isa = PBXGroup;
			children = (
				503AE0F517EB97AB00D1A890 /* Icons */,
				503AE10317EB98FF00D1A890 /* main.cpp */,
				503AE10417EB98FF00D1A890 /* Prefix.pch */,
			);
			name = mac;
			sourceTree = "<group>";
		};
		5087E77117EB970100C73F5D /* Icons */ = {
			isa = PBXGroup;
			children = (
				521A8E6219F0C34300D177D7 /* Default-667h@2x.png */,
				521A8E6319F0C34300D177D7 /* Default-736h@3x.png */,
				5087E77217EB970100C73F5D /* Default-568h@2x.png */,
				5087E77317EB970100C73F5D /* Default.png */,
				5087E77417EB970100C73F5D /* Default@2x.png */,
				50EF62A017ECD613001EB2F8 /* Icon-29.png */,
				50EF62A117ECD613001EB2F8 /* Icon-50.png */,
				50EF629217ECD46A001EB2F8 /* Icon-40.png */,
				50EF629317ECD46A001EB2F8 /* Icon-58.png */,
				50EF629417ECD46A001EB2F8 /* Icon-80.png */,
				50EF629517ECD46A001EB2F8 /* Icon-100.png */,
				5087E77517EB970100C73F5D /* Icon-114.png */,
				5087E77617EB970100C73F5D /* Icon-120.png */,
				5087E77717EB970100C73F5D /* Icon-144.png */,
				5087E77817EB970100C73F5D /* Icon-152.png */,
				5087E77917EB970100C73F5D /* Icon-57.png */,
				5087E77A17EB970100C73F5D /* Icon-72.png */,
				5087E77B17EB970100C73F5D /* Icon-76.png */,
				5087E77C17EB970100C73F5D /* Info.plist */,
			);
			name = Icons;
			path = ios;
			sourceTree = SOURCE_ROOT;
		};
/* End PBXGroup section */

/* Begin PBXNativeTarget section */
		1D6058900D05DD3D006BFB54 /* MonsterJump iOS */ = {
			isa = PBXNativeTarget;
			buildConfigurationList = 1D6058960D05DD3E006BFB54 /* Build configuration list for PBXNativeTarget "MonsterJump iOS" */;
			buildPhases = (
				1D60588D0D05DD3D006BFB54 /* Resources */,
				1D60588E0D05DD3D006BFB54 /* Sources */,
				1D60588F0D05DD3D006BFB54 /* Frameworks */,
			);
			buildRules = (
			);
			dependencies = (
				1AC6FB25180E99E1004C840B /* PBXTargetDependency */,
			);
			name = "MonsterJump iOS";
			productName = iphone;
			productReference = 1D6058910D05DD3D006BFB54 /* MonsterJump iOS.app */;
			productType = "com.apple.product-type.application";
		};
		5087E73D17EB910900C73F5D /* MonsterJump Mac */ = {
			isa = PBXNativeTarget;
			buildConfigurationList = 5087E76C17EB910900C73F5D /* Build configuration list for PBXNativeTarget "MonsterJump Mac" */;
			buildPhases = (
				5087E74817EB910900C73F5D /* Resources */,
				5087E75617EB910900C73F5D /* Sources */,
				5087E75C17EB910900C73F5D /* Frameworks */,
			);
			buildRules = (
			);
			dependencies = (
				1AC6FB16180E9959004C840B /* PBXTargetDependency */,
			);
			name = "MonsterJump Mac";
			productName = iphone;
			productReference = 5087E76F17EB910900C73F5D /* MonsterJump Mac.app */;
			productType = "com.apple.product-type.application";
		};
/* End PBXNativeTarget section */

/* Begin PBXProject section */
		29B97313FDCFA39411CA2CEA /* Project object */ = {
			isa = PBXProject;
			attributes = {
				LastUpgradeCheck = 0500;
				TargetAttributes = {
					1D6058900D05DD3D006BFB54 = {
						DevelopmentTeam = 8HEK49T79L;
					};
				};
			};
			buildConfigurationList = C01FCF4E08A954540054247B /* Build configuration list for PBXProject "MonsterJump" */;
			compatibilityVersion = "Xcode 3.2";
			developmentRegion = English;
			hasScannedForEncodings = 1;
			knownRegions = (
				English,
				Japanese,
				French,
				German,
				en,
				"zh-Hans",
			);
			mainGroup = 29B97314FDCFA39411CA2CEA /* CustomTemplate */;
			projectDirPath = "";
			projectReferences = (
				{
					ProductGroup = 1AC6FAE6180E9839004C840B /* Products */;
					ProjectRef = 1AC6FAE5180E9839004C840B /* cocos2d_libs.xcodeproj */;
				},
			);
			projectRoot = "";
			targets = (
				1D6058900D05DD3D006BFB54 /* MonsterJump iOS */,
				5087E73D17EB910900C73F5D /* MonsterJump Mac */,
			);
		};
/* End PBXProject section */

/* Begin PBXReferenceProxy section */
		1AC6FAF9180E9839004C840B /* libcocos2d Mac.a */ = {
			isa = PBXReferenceProxy;
			fileType = archive.ar;
			path = "libcocos2d Mac.a";
			remoteRef = 1AC6FAF8180E9839004C840B /* PBXContainerItemProxy */;
			sourceTree = BUILT_PRODUCTS_DIR;
		};
		1AC6FB07180E9839004C840B /* libcocos2d iOS.a */ = {
			isa = PBXReferenceProxy;
			fileType = archive.ar;
			path = "libcocos2d iOS.a";
			remoteRef = 1AC6FB06180E9839004C840B /* PBXContainerItemProxy */;
			sourceTree = BUILT_PRODUCTS_DIR;
		};
/* End PBXReferenceProxy section */

/* Begin PBXResourcesBuildPhase section */
		1D60588D0D05DD3D006BFB54 /* Resources */ = {
			isa = PBXResourcesBuildPhase;
			buildActionMask = 2147483647;
			files = (
				5087E78117EB970100C73F5D /* Icon-120.png in Resources */,
				5087E78617EB970100C73F5D /* Icon-76.png in Resources */,
				1D565A781A20D7CD00999935 /* ShareSDK.xml in Resources */,
				1D565A6F1A20D7CD00999935 /* bg.png in Resources */,
				5087E77F17EB970100C73F5D /* Default@2x.png in Resources */,
				50EF629917ECD46A001EB2F8 /* Icon-100.png in Resources */,
				5087E78317EB970100C73F5D /* Icon-152.png in Resources */,
				5087E77D17EB970100C73F5D /* Default-568h@2x.png in Resources */,
				1D565A731A20D7CD00999935 /* effect in Resources */,
				5087E78517EB970100C73F5D /* Icon-72.png in Resources */,
				1D565A751A20D7CD00999935 /* map in Resources */,
				521A8E6519F0C34300D177D7 /* Default-736h@3x.png in Resources */,
				1D565A741A20D7CD00999935 /* fonts in Resources */,
				50EF62A317ECD613001EB2F8 /* Icon-50.png in Resources */,
				1D565A761A20D7CD00999935 /* plist in Resources */,
				5087E78017EB970100C73F5D /* Icon-114.png in Resources */,
				1D565A721A20D7CD00999935 /* cloud_2.png in Resources */,
				1D565A711A20D7CD00999935 /* cloud_1.png in Resources */,
				1D565A791A20D7CD00999935 /* ui in Resources */,
				50EF62A217ECD613001EB2F8 /* Icon-29.png in Resources */,
				50EF629617ECD46A001EB2F8 /* Icon-40.png in Resources */,
				5087E78217EB970100C73F5D /* Icon-144.png in Resources */,
				1D565A701A20D7CD00999935 /* bg1.png in Resources */,
				1D565A771A20D7CD00999935 /* res in Resources */,
				1DBFCDA71A05CCD3005AB74D /* ShareSDKLocalizable.strings in Resources */,
				1DBFCDAB1A05CCD4005AB74D /* TencentOpenApi_IOS_Bundle.bundle in Resources */,
				1DBFCDAD1A05CCD4005AB74D /* WeiboSDK.bundle in Resources */,
				50EF629817ECD46A001EB2F8 /* Icon-80.png in Resources */,
				5087E78417EB970100C73F5D /* Icon-57.png in Resources */,
				1DBFCDA81A05CCD3005AB74D /* Resource.bundle in Resources */,
				5087E77E17EB970100C73F5D /* Default.png in Resources */,
				521A8E6419F0C34300D177D7 /* Default-667h@2x.png in Resources */,
				50EF629717ECD46A001EB2F8 /* Icon-58.png in Resources */,
				1DBFCDB01A05CCD4005AB74D /* ShareSDKFlatShareViewUI.bundle in Resources */,
			);
			runOnlyForDeploymentPostprocessing = 0;
		};
		5087E74817EB910900C73F5D /* Resources */ = {
			isa = PBXResourcesBuildPhase;
			buildActionMask = 2147483647;
			files = (
				503AE0F817EB97AB00D1A890 /* Icon.icns in Resources */,
			);
			runOnlyForDeploymentPostprocessing = 0;
		};
/* End PBXResourcesBuildPhase section */

/* Begin PBXSourcesBuildPhase section */
		1D60588E0D05DD3D006BFB54 /* Sources */ = {
			isa = PBXSourcesBuildPhase;
			buildActionMask = 2147483647;
			files = (
				1DBFCD6F1A05CAA7005AB74D /* HomeLayer.cpp in Sources */,
				1DBFCD621A05CAA7005AB74D /* AppDelegate.cpp in Sources */,
				1DC865F11A236BEC0060BE80 /* GameCenter.m in Sources */,
				503AE10017EB989F00D1A890 /* AppController.mm in Sources */,
				1DBFCD721A05CAA7005AB74D /* Utils.cpp in Sources */,
				1DBFCD711A05CAA7005AB74D /* ShareManager.cpp in Sources */,
				1D3C66011A0E4C7B000C7AF2 /* Collapsar.cpp in Sources */,
				1DBFCD731A05CAA7005AB74D /* VisibleRect.cpp in Sources */,
				1D867B461A1239E20014D2F5 /* Background.cpp in Sources */,
				1DBFCD671A05CAA7005AB74D /* C2DXiOSShareSDK.mm in Sources */,
				1DBFCD701A05CAA7005AB74D /* NormalWall.cpp in Sources */,
				1D565A851A20D7FC00999935 /* YouMiUtil.mm in Sources */,
				1DBFCD6E1A05CAA7005AB74D /* HeroSprite.cpp in Sources */,
				1DBFCD6A1A05CAA7005AB74D /* GameMap.cpp in Sources */,
				1D3C66021A0E4C7B000C7AF2 /* Gold.cpp in Sources */,
				503AE10217EB989F00D1A890 /* RootViewController.mm in Sources */,
				1DC065AC1A28A2D1007A9C9D /* ResultLayer.cpp in Sources */,
				1D3C66031A0E4C7B000C7AF2 /* ObjectManager.cpp in Sources */,
				1DC065A91A28A2C2007A9C9D /* ContactListener.cpp in Sources */,
				1D867B451A1239E20014D2F5 /* AdManager.cpp in Sources */,
				1DBFCD681A05CAA7005AB74D /* Dialog.cpp in Sources */,
				1D565A841A20D7FC00999935 /* Store.cpp in Sources */,
				1D565A7C1A20D7DB00999935 /* BuyCoin.cpp in Sources */,
				1D242C7A1A38945D0095003E /* MessageManager.cpp in Sources */,
				1D242C791A38945D0095003E /* MessageDispatcher.cpp in Sources */,
				503AE10117EB989F00D1A890 /* main.m in Sources */,
				1DBFCD691A05CAA7005AB74D /* DialogManager.cpp in Sources */,
				1D565A7F1A20D7E800999935 /* Setting.cpp in Sources */,
				1D3C66001A0E4C7B000C7AF2 /* Bird.cpp in Sources */,
				1D3C66041A0E4C7B000C7AF2 /* Plane.cpp in Sources */,
				1D867B481A1239E20014D2F5 /* Spring.cpp in Sources */,
				1DBFCD6D1A05CAA7005AB74D /* HelloWorldScene.cpp in Sources */,
				1DBFCD661A05CAA7005AB74D /* C2DXShareSDK.cpp in Sources */,
				1DBFCD6C1A05CAA7005AB74D /* GameWorld.cpp in Sources */,
				1D867B471A1239E20014D2F5 /* GameLogic.cpp in Sources */,
				1DBFCD6B1A05CAA7005AB74D /* GameUI.cpp in Sources */,
			);
			runOnlyForDeploymentPostprocessing = 0;
		};
		5087E75617EB910900C73F5D /* Sources */ = {
			isa = PBXSourcesBuildPhase;
			buildActionMask = 2147483647;
			files = (
				503AE10517EB98FF00D1A890 /* main.cpp in Sources */,
			);
			runOnlyForDeploymentPostprocessing = 0;
		};
/* End PBXSourcesBuildPhase section */

/* Begin PBXTargetDependency section */
		1AC6FB16180E9959004C840B /* PBXTargetDependency */ = {
			isa = PBXTargetDependency;
			name = "cocos2dx Mac";
			targetProxy = 1AC6FB15180E9959004C840B /* PBXContainerItemProxy */;
		};
		1AC6FB25180E99E1004C840B /* PBXTargetDependency */ = {
			isa = PBXTargetDependency;
			name = "cocos2dx iOS";
			targetProxy = 1AC6FB24180E99E1004C840B /* PBXContainerItemProxy */;
		};
/* End PBXTargetDependency section */

/* Begin PBXVariantGroup section */
		1DBFCD8C1A05CCD3005AB74D /* ShareSDKLocalizable.strings */ = {
			isa = PBXVariantGroup;
			children = (
				1DBFCD8D1A05CCD3005AB74D /* en */,
				1DBFCD901A05CCD3005AB74D /* zh-Hans */,
			);
			name = ShareSDKLocalizable.strings;
			sourceTree = "<group>";
		};
/* End PBXVariantGroup section */

/* Begin XCBuildConfiguration section */
		1D6058940D05DD3E006BFB54 /* Debug */ = {
			isa = XCBuildConfiguration;
			buildSettings = {
				ALWAYS_SEARCH_USER_PATHS = YES;
				CODE_SIGN_IDENTITY = "iPhone Developer: Ren wang (4DV3HVTLTV)";
				"CODE_SIGN_IDENTITY[sdk=iphoneos*]" = "iPhone Developer: Ren wang (4DV3HVTLTV)";
				COMPRESS_PNG_FILES = NO;
				FRAMEWORK_SEARCH_PATHS = (
					"$(inherited)",
					/Volumes/liujian/Study/git_res/MonsterJump/sdk/ShareSDK/Connection,
					/Volumes/liujian/Study/git_res/MonsterJump/sdk/ShareSDK/Core,
					/Volumes/liujian/Study/git_res/MonsterJump/sdk/ShareSDK/Extend/QQConnectSDK,
					/Volumes/liujian/Study/git_res/MonsterJump/sdk/ShareSDK,
					/Volumes/liujian/Study/git_res/MonsterJump/sdk/ShareSDK/UI,
				);
				GCC_DYNAMIC_NO_PIC = NO;
				GCC_INLINES_ARE_PRIVATE_EXTERN = NO;
				GCC_PRECOMPILE_PREFIX_HEADER = YES;
				GCC_PREFIX_HEADER = ios/Prefix.pch;
				GCC_PREPROCESSOR_DEFINITIONS = (
					USE_FILE32API,
					CC_TARGET_OS_IPHONE,
					"COCOS2D_DEBUG=1",
					"CC_ENABLE_CHIPMUNK_INTEGRATION=1",
				);
				GCC_SYMBOLS_PRIVATE_EXTERN = NO;
				HEADER_SEARCH_PATHS = (
					"$(inherited)",
					"$(SRCROOT)/../cocos2d/cocos/platform/ios",
					"$(SRCROOT)/../cocos2d/cocos/platform/ios/Simulation",
				);
				INFOPLIST_FILE = ios/Info.plist;
				IPHONEOS_DEPLOYMENT_TARGET = 6.0;
				LIBRARY_SEARCH_PATHS = (
					/Volumes/liujian/Study/git_res/MonsterJump/sdk/ShareSDK/Extend/SinaWeiboSDK,
					/Volumes/liujian/Study/git_res/MonsterJump/sdk/ShareSDK/Extend/WeChatSDK,
					"/Volumes/liujian/Study/git_res/MonsterJump/sdk/youmi_ios_sdk_v5.13_2014-09-18/lib",
					"$(PROJECT_DIR)/lib",
				);
				PROVISIONING_PROFILE = "0aa7a6e0-1d98-4866-bda0-b2b422745e9b";
				SDKROOT = iphoneos;
				TARGETED_DEVICE_FAMILY = "1,2";
				USER_HEADER_SEARCH_PATHS = "";
				VALID_ARCHS = "arm64 armv7";
			};
			name = Debug;
		};
		1D6058950D05DD3E006BFB54 /* Release */ = {
			isa = XCBuildConfiguration;
			buildSettings = {
				ALWAYS_SEARCH_USER_PATHS = YES;
				CODE_SIGN_IDENTITY = "iPhone Distribution: Ren wang (8HEK49T79L)";
				"CODE_SIGN_IDENTITY[sdk=iphoneos*]" = "iPhone Distribution: Ren wang (8HEK49T79L)";
				COMPRESS_PNG_FILES = NO;
				FRAMEWORK_SEARCH_PATHS = (
					"$(inherited)",
					/Volumes/liujian/Study/git_res/MonsterJump/sdk/ShareSDK/Connection,
					/Volumes/liujian/Study/git_res/MonsterJump/sdk/ShareSDK/Core,
					/Volumes/liujian/Study/git_res/MonsterJump/sdk/ShareSDK/Extend/QQConnectSDK,
					/Volumes/liujian/Study/git_res/MonsterJump/sdk/ShareSDK,
					/Volumes/liujian/Study/git_res/MonsterJump/sdk/ShareSDK/UI,
				);
				GCC_INLINES_ARE_PRIVATE_EXTERN = NO;
				GCC_PRECOMPILE_PREFIX_HEADER = YES;
				GCC_PREFIX_HEADER = ios/Prefix.pch;
				GCC_PREPROCESSOR_DEFINITIONS = (
					USE_FILE32API,
					CC_TARGET_OS_IPHONE,
					"CC_ENABLE_CHIPMUNK_INTEGRATION=1",
				);
				GCC_SYMBOLS_PRIVATE_EXTERN = NO;
				HEADER_SEARCH_PATHS = (
					"$(inherited)",
					"$(SRCROOT)/../cocos2d/cocos/platform/ios",
					"$(SRCROOT)/../cocos2d/cocos/platform/ios/Simulation",
				);
				INFOPLIST_FILE = ios/Info.plist;
				IPHONEOS_DEPLOYMENT_TARGET = 6.0;
				LIBRARY_SEARCH_PATHS = (
					/Volumes/liujian/Study/git_res/MonsterJump/sdk/ShareSDK/Extend/SinaWeiboSDK,
					/Volumes/liujian/Study/git_res/MonsterJump/sdk/ShareSDK/Extend/WeChatSDK,
					"/Volumes/liujian/Study/git_res/MonsterJump/sdk/youmi_ios_sdk_v5.13_2014-09-18/lib",
					"$(PROJECT_DIR)/lib",
				);
				PROVISIONING_PROFILE = "bcdf386f-1656-4604-8c29-40b89baf963a";
				SDKROOT = iphoneos;
				TARGETED_DEVICE_FAMILY = "1,2";
				USER_HEADER_SEARCH_PATHS = "";
				VALID_ARCHS = "arm64 armv7";
			};
			name = Release;
		};
		5087E76D17EB910900C73F5D /* Debug */ = {
			isa = XCBuildConfiguration;
			buildSettings = {
				ALWAYS_SEARCH_USER_PATHS = YES;
				ARCHS = "$(ARCHS_STANDARD_64_BIT)";
				CLANG_CXX_LANGUAGE_STANDARD = "c++0x";
				CLANG_CXX_LIBRARY = "libc++";
				GCC_DYNAMIC_NO_PIC = NO;
				GCC_INLINES_ARE_PRIVATE_EXTERN = NO;
				GCC_PRECOMPILE_PREFIX_HEADER = YES;
				GCC_PREFIX_HEADER = mac/Prefix.pch;
				GCC_PREPROCESSOR_DEFINITIONS = (
					USE_FILE32API,
					CC_TARGET_OS_MAC,
					"COCOS2D_DEBUG=1",
					"CC_ENABLE_CHIPMUNK_INTEGRATION=1",
				);
				GCC_SYMBOLS_PRIVATE_EXTERN = NO;
				HEADER_SEARCH_PATHS = (
					"$(inherited)",
					"$(SRCROOT)/../cocos2d/cocos/platform/mac",
					"$(SRCROOT)/../cocos2d/external/glfw3/include/mac",
				);
				INFOPLIST_FILE = mac/Info.plist;
				LIBRARY_SEARCH_PATHS = "";
				USER_HEADER_SEARCH_PATHS = "";
			};
			name = Debug;
		};
		5087E76E17EB910900C73F5D /* Release */ = {
			isa = XCBuildConfiguration;
			buildSettings = {
				ALWAYS_SEARCH_USER_PATHS = YES;
				ARCHS = "$(ARCHS_STANDARD_64_BIT)";
				CLANG_CXX_LANGUAGE_STANDARD = "c++0x";
				CLANG_CXX_LIBRARY = "libc++";
				GCC_INLINES_ARE_PRIVATE_EXTERN = NO;
				GCC_PRECOMPILE_PREFIX_HEADER = YES;
				GCC_PREFIX_HEADER = mac/Prefix.pch;
				GCC_PREPROCESSOR_DEFINITIONS = (
					USE_FILE32API,
					CC_TARGET_OS_MAC,
					"CC_ENABLE_CHIPMUNK_INTEGRATION=1",
				);
				GCC_SYMBOLS_PRIVATE_EXTERN = NO;
				HEADER_SEARCH_PATHS = (
					"$(inherited)",
					"$(SRCROOT)/../cocos2d/cocos/platform/mac",
					"$(SRCROOT)/../cocos2d/external/glfw3/include/mac",
				);
				INFOPLIST_FILE = mac/Info.plist;
				LIBRARY_SEARCH_PATHS = "";
				USER_HEADER_SEARCH_PATHS = "";
			};
			name = Release;
		};
		C01FCF4F08A954540054247B /* Debug */ = {
			isa = XCBuildConfiguration;
			buildSettings = {
				CLANG_CXX_LANGUAGE_STANDARD = "c++0x";
				CLANG_CXX_LIBRARY = "libc++";
				COPY_PHASE_STRIP = NO;
				GCC_OPTIMIZATION_LEVEL = 0;
				GCC_WARN_ABOUT_RETURN_TYPE = YES;
				GCC_WARN_UNUSED_VARIABLE = YES;
				HEADER_SEARCH_PATHS = (
					"$(SRCROOT)/../cocos2d",
					"$(SRCROOT)/../cocos2d/cocos",
					"$(SRCROOT)/../cocos2d/cocos/base",
					"$(SRCROOT)/../cocos2d/cocos/physics",
					"$(SRCROOT)/../cocos2d/cocos/math",
					"$(SRCROOT)/../cocos2d/cocos/2d",
					"$(SRCROOT)/../cocos2d/cocos/ui",
					"$(SRCROOT)/../cocos2d/cocos/network",
					"$(SRCROOT)/../cocos2d/cocos/audio/include",
					"$(SRCROOT)/../cocos2d/cocos/editor-support",
					"$(SRCROOT)/../cocos2d/extensions",
					"$(SRCROOT)/../cocos2d/external",
					"$(SRCROOT)/../cocos2d/external/chipmunk/include/chipmunk",
				);
				MACOSX_DEPLOYMENT_TARGET = 10.7;
				ONLY_ACTIVE_ARCH = YES;
				PRODUCT_NAME = "$(TARGET_NAME)";
				SDKROOT = macosx;
			};
			name = Debug;
		};
		C01FCF5008A954540054247B /* Release */ = {
			isa = XCBuildConfiguration;
			buildSettings = {
				CLANG_CXX_LANGUAGE_STANDARD = "c++0x";
				CLANG_CXX_LIBRARY = "libc++";
				GCC_WARN_ABOUT_RETURN_TYPE = YES;
				GCC_WARN_UNUSED_VARIABLE = YES;
				HEADER_SEARCH_PATHS = (
					"$(SRCROOT)/../cocos2d",
					"$(SRCROOT)/../cocos2d/cocos",
					"$(SRCROOT)/../cocos2d/cocos/base",
					"$(SRCROOT)/../cocos2d/cocos/physics",
					"$(SRCROOT)/../cocos2d/cocos/math",
					"$(SRCROOT)/../cocos2d/cocos/2d",
					"$(SRCROOT)/../cocos2d/cocos/ui",
					"$(SRCROOT)/../cocos2d/cocos/network",
					"$(SRCROOT)/../cocos2d/cocos/audio/include",
					"$(SRCROOT)/../cocos2d/cocos/editor-support",
					"$(SRCROOT)/../cocos2d/extensions",
					"$(SRCROOT)/../cocos2d/external",
					"$(SRCROOT)/../cocos2d/external/chipmunk/include/chipmunk",
				);
				MACOSX_DEPLOYMENT_TARGET = 10.7;
				OTHER_CFLAGS = "-DNS_BLOCK_ASSERTIONS=1";
				PRODUCT_NAME = "$(TARGET_NAME)";
				SDKROOT = macosx;
				VALIDATE_PRODUCT = YES;
			};
			name = Release;
		};
/* End XCBuildConfiguration section */

/* Begin XCConfigurationList section */
		1D6058960D05DD3E006BFB54 /* Build configuration list for PBXNativeTarget "MonsterJump iOS" */ = {
			isa = XCConfigurationList;
			buildConfigurations = (
				1D6058940D05DD3E006BFB54 /* Debug */,
				1D6058950D05DD3E006BFB54 /* Release */,
			);
			defaultConfigurationIsVisible = 0;
			defaultConfigurationName = Debug;
		};
		5087E76C17EB910900C73F5D /* Build configuration list for PBXNativeTarget "MonsterJump Mac" */ = {
			isa = XCConfigurationList;
			buildConfigurations = (
				5087E76D17EB910900C73F5D /* Debug */,
				5087E76E17EB910900C73F5D /* Release */,
			);
			defaultConfigurationIsVisible = 0;
			defaultConfigurationName = Debug;
		};
		C01FCF4E08A954540054247B /* Build configuration list for PBXProject "MonsterJump" */ = {
			isa = XCConfigurationList;
			buildConfigurations = (
				C01FCF4F08A954540054247B /* Debug */,
				C01FCF5008A954540054247B /* Release */,
			);
			defaultConfigurationIsVisible = 0;
			defaultConfigurationName = Debug;
		};
/* End XCConfigurationList section */
	};
	rootObject = 29B97313FDCFA39411CA2CEA /* Project object */;
}
