<?xml version="1.0" encoding="utf-8"?>
<Project ToolsVersion="4.0" xmlns="http://schemas.microsoft.com/developer/msbuild/2003">
  <ItemGroup>
    <Filter Include="win32">
      <UniqueIdentifier>{84a8ebd7-7cf0-47f6-b75e-d441df67da40}</UniqueIdentifier>
    </Filter>
    <Filter Include="resource">
      <UniqueIdentifier>{715254bc-d70b-4ec5-bf29-467dd3ace079}</UniqueIdentifier>
    </Filter>
    <Filter Include="src">
      <UniqueIdentifier>{bb6c862e-70e9-49d9-81b7-3829a6f50471}</UniqueIdentifier>
    </Filter>
    <Filter Include="src\utils">
      <UniqueIdentifier>{4817a948-2cb1-4b01-9f5f-b88b16fdebcb}</UniqueIdentifier>
    </Filter>
    <Filter Include="src\layers">
      <UniqueIdentifier>{1825a3c2-e004-4ed8-a09c-6b90a9a0d5f8}</UniqueIdentifier>
    </Filter>
    <Filter Include="src\manager">
      <UniqueIdentifier>{beaa2a1b-1a83-4b7c-8d2b-7afbe27ec468}</UniqueIdentifier>
    </Filter>
    <Filter Include="src\C2DXShareSDK">
      <UniqueIdentifier>{9faf8608-3912-42ad-af2f-bd662344117d}</UniqueIdentifier>
    </Filter>
    <Filter Include="src\dialog">
      <UniqueIdentifier>{0d0d11e6-e919-4bd9-bb22-a352d85b1176}</UniqueIdentifier>
    </Filter>
    <Filter Include="src\wall">
      <UniqueIdentifier>{f089effd-aaf1-4e91-be3e-4e94eba6558e}</UniqueIdentifier>
    </Filter>
    <Filter Include="src\entity">
      <UniqueIdentifier>{845d7097-6ecc-4efb-8818-4f769728f5f9}</UniqueIdentifier>
    </Filter>
    <Filter Include="src\logic">
      <UniqueIdentifier>{e333e5b9-0bca-4f29-82bb-2965f68f3f3e}</UniqueIdentifier>
    </Filter>
    <Filter Include="src\items">
      <UniqueIdentifier>{58da0f7f-28fa-42b3-a91c-729fa4423c29}</UniqueIdentifier>
    </Filter>
    <Filter Include="src\contact">
      <UniqueIdentifier>{941d651a-485e-45bb-b42d-636ee3e8e51b}</UniqueIdentifier>
    </Filter>
    <Filter Include="src\message">
      <UniqueIdentifier>{700c332f-3eb6-4a54-96db-af84e00c3e4c}</UniqueIdentifier>
    </Filter>
    <Filter Include="src\component">
      <UniqueIdentifier>{f971bbb5-b762-4054-a974-fcb8b5b346fc}</UniqueIdentifier>
    </Filter>
  </ItemGroup>
  <ItemGroup>
    <ClCompile Include="main.cpp">
      <Filter>win32</Filter>
    </ClCompile>
    <ClCompile Include="..\Classes\AppDelegate.cpp">
      <Filter>src</Filter>
    </ClCompile>
    <ClCompile Include="..\Classes\HelloWorldScene.cpp">
      <Filter>src</Filter>
    </ClCompile>
    <ClCompile Include="..\Classes\VisibleRect.cpp">
      <Filter>src\utils</Filter>
    </ClCompile>
    <ClCompile Include="..\Classes\Utils.cpp">
      <Filter>src\utils</Filter>
    </ClCompile>
    <ClCompile Include="..\Classes\GameWorld.cpp">
      <Filter>src\layers</Filter>
    </ClCompile>
    <ClCompile Include="..\Classes\GameMap.cpp">
      <Filter>src\layers</Filter>
    </ClCompile>
    <ClCompile Include="..\Classes\HomeLayer.cpp">
      <Filter>src\layers</Filter>
    </ClCompile>
    <ClCompile Include="..\Classes\GameUI.cpp">
      <Filter>src\layers</Filter>
    </ClCompile>
    <ClCompile Include="..\Classes\ShareManager.cpp">
      <Filter>src\manager</Filter>
    </ClCompile>
    <ClCompile Include="..\Classes\C2DXShareSDK\C2DXShareSDK.cpp">
      <Filter>src\C2DXShareSDK</Filter>
    </ClCompile>
    <ClCompile Include="..\Classes\Dialog.cpp">
      <Filter>src\dialog</Filter>
    </ClCompile>
    <ClCompile Include="..\Classes\DialogManager.cpp">
      <Filter>src\manager</Filter>
    </ClCompile>
    <ClCompile Include="..\Classes\HeroSprite.cpp">
      <Filter>src\entity</Filter>
    </ClCompile>
    <ClCompile Include="..\Classes\NormalWall.cpp">
      <Filter>src\wall</Filter>
    </ClCompile>
    <ClCompile Include="..\Classes\Collapsar.cpp">
      <Filter>src\items</Filter>
    </ClCompile>
    <ClCompile Include="..\Classes\ObjectManager.cpp">
      <Filter>src\manager</Filter>
    </ClCompile>
    <ClCompile Include="..\Classes\Plane.cpp">
      <Filter>src\items</Filter>
    </ClCompile>
    <ClCompile Include="..\Classes\Bird.cpp">
      <Filter>src\items</Filter>
    </ClCompile>
    <ClCompile Include="..\Classes\Gold.cpp">
      <Filter>src\items</Filter>
    </ClCompile>
    <ClCompile Include="..\Classes\Background.cpp">
      <Filter>src\layers</Filter>
    </ClCompile>
    <ClCompile Include="..\Classes\Spring.cpp">
      <Filter>src\items</Filter>
    </ClCompile>
    <ClCompile Include="..\Classes\GameLogic.cpp">
      <Filter>src\logic</Filter>
    </ClCompile>
    <ClCompile Include="..\Classes\AdManager.cpp">
      <Filter>src\manager</Filter>
    </ClCompile>
    <ClCompile Include="..\Classes\Store.cpp">
      <Filter>src\layers</Filter>
    </ClCompile>
    <ClCompile Include="..\Classes\Setting.cpp">
      <Filter>src\layers</Filter>
    </ClCompile>
    <ClCompile Include="..\Classes\BuyCoin.cpp">
      <Filter>src\layers</Filter>
    </ClCompile>
    <ClCompile Include="..\Classes\ContactListener.cpp">
      <Filter>src\contact</Filter>
    </ClCompile>
    <ClCompile Include="..\Classes\ResultLayer.cpp">
      <Filter>src\layers</Filter>
    </ClCompile>
    <ClCompile Include="..\Classes\MessageDispatcher.cpp">
      <Filter>src\message</Filter>
    </ClCompile>
    <ClCompile Include="..\Classes\MessageManager.cpp">
      <Filter>src\message</Filter>
    </ClCompile>
    <ClCompile Include="DrawLine3D.cpp" />
  </ItemGroup>
  <ItemGroup>
    <ClInclude Include="main.h">
      <Filter>win32</Filter>
    </ClInclude>
    <ClInclude Include="..\Classes\AppDelegate.h">
      <Filter>src</Filter>
    </ClInclude>
    <ClInclude Include="..\Classes\HelloWorldScene.h">
      <Filter>src</Filter>
    </ClInclude>
    <ClInclude Include="..\Classes\VisibleRect.h">
      <Filter>src\utils</Filter>
    </ClInclude>
    <ClInclude Include="..\Classes\Utils.h">
      <Filter>src\utils</Filter>
    </ClInclude>
    <ClInclude Include="..\Classes\GameWorld.h">
      <Filter>src\layers</Filter>
    </ClInclude>
    <ClInclude Include="..\Classes\GameMap.h">
      <Filter>src\layers</Filter>
    </ClInclude>
    <ClInclude Include="..\Classes\BaseLayer.h">
      <Filter>src\layers</Filter>
    </ClInclude>
    <ClInclude Include="..\Classes\Singleton.h">
      <Filter>src\manager</Filter>
    </ClInclude>
    <ClInclude Include="..\Classes\HomeLayer.h">
      <Filter>src\layers</Filter>
    </ClInclude>
    <ClInclude Include="..\Classes\GameUI.h">
      <Filter>src\layers</Filter>
    </ClInclude>
    <ClInclude Include="..\Classes\ShareManager.h">
      <Filter>src\manager</Filter>
    </ClInclude>
    <ClInclude Include="..\Classes\C2DXShareSDK\C2DXShareSDK.h">
      <Filter>src\C2DXShareSDK</Filter>
    </ClInclude>
    <ClInclude Include="..\Classes\C2DXShareSDK\C2DXShareSDKTypeDef.h">
      <Filter>src\C2DXShareSDK</Filter>
    </ClInclude>
    <ClInclude Include="..\Classes\Dialog.h">
      <Filter>src\dialog</Filter>
    </ClInclude>
    <ClInclude Include="..\Classes\DialogManager.h">
      <Filter>src\manager</Filter>
    </ClInclude>
    <ClInclude Include="..\Classes\BaseEntity.h">
      <Filter>src\entity</Filter>
    </ClInclude>
    <ClInclude Include="..\Classes\HeroSprite.h">
      <Filter>src\entity</Filter>
    </ClInclude>
    <ClInclude Include="..\Classes\NormalWall.h">
      <Filter>src\wall</Filter>
    </ClInclude>
    <ClInclude Include="..\Classes\TypeInfoDef.h">
      <Filter>src\utils</Filter>
    </ClInclude>
    <ClInclude Include="..\Classes\Collapsar.h">
      <Filter>src\items</Filter>
    </ClInclude>
    <ClInclude Include="..\Classes\BaseSprite.h">
      <Filter>src\entity</Filter>
    </ClInclude>
    <ClInclude Include="..\Classes\ObjectManager.h">
      <Filter>src\manager</Filter>
    </ClInclude>
    <ClInclude Include="..\Classes\Plane.h">
      <Filter>src\items</Filter>
    </ClInclude>
    <ClInclude Include="..\Classes\Bird.h">
      <Filter>src\items</Filter>
    </ClInclude>
    <ClInclude Include="..\Classes\Gold.h">
      <Filter>src\items</Filter>
    </ClInclude>
    <ClInclude Include="..\Classes\Background.h">
      <Filter>src\layers</Filter>
    </ClInclude>
    <ClInclude Include="..\Classes\Spring.h">
      <Filter>src\items</Filter>
    </ClInclude>
    <ClInclude Include="..\Classes\GameLogic.h">
      <Filter>src\logic</Filter>
    </ClInclude>
    <ClInclude Include="..\Classes\AdManager.h">
      <Filter>src\manager</Filter>
    </ClInclude>
    <ClInclude Include="..\Classes\Store.h">
      <Filter>src\layers</Filter>
    </ClInclude>
    <ClInclude Include="..\Classes\Setting.h">
      <Filter>src\layers</Filter>
    </ClInclude>
    <ClInclude Include="..\Classes\BuyCoin.h">
      <Filter>src\layers</Filter>
    </ClInclude>
    <ClInclude Include="..\Classes\ContactListener.h">
      <Filter>src\contact</Filter>
    </ClInclude>
    <ClInclude Include="..\Classes\ResultLayer.h">
      <Filter>src\layers</Filter>
    </ClInclude>
    <ClInclude Include="..\Classes\Telegram.h">
      <Filter>src\message</Filter>
    </ClInclude>
    <ClInclude Include="..\Classes\MessageDispatcher.h">
      <Filter>src\message</Filter>
    </ClInclude>
    <ClInclude Include="..\Classes\MessageManager.h">
      <Filter>src\message</Filter>
    </ClInclude>
    <ClInclude Include="DrawLine3D.h" />
  </ItemGroup>
  <ItemGroup>
    <ResourceCompile Include="game.rc">
      <Filter>resource</Filter>
    </ResourceCompile>
  </ItemGroup>
</Project>